// !$*UTF8*$!
{
	archiveVersion = 1;
	classes = {
	};
	objectVersion = 46;
	objects = {

/* Begin PBXBuildFile section */
		20EE7AAC8BEF704A64375426 /* libPods-TBTweakViewController.a in Frameworks */ = {isa = PBXBuildFile; fileRef = 3611C365B73A76D2CFEF760C /* libPods-TBTweakViewController.a */; };
		5C6F1EC54E538099A8204AD4 /* libPods-TBTweakViewControllerTests.a in Frameworks */ = {isa = PBXBuildFile; fileRef = 813C5EF7015CF4C2787F96F5 /* libPods-TBTweakViewControllerTests.a */; };
		B41AE6631DA869C400CFCCD7 /* TBArgValueHookSectionController.m in Sources */ = {isa = PBXBuildFile; fileRef = B41AE6621DA869C400CFCCD7 /* TBArgValueHookSectionController.m */; };
		B41AE6661DAAE77100CFCCD7 /* TBSectionController.m in Sources */ = {isa = PBXBuildFile; fileRef = B41AE6651DAAE77100CFCCD7 /* TBSectionController.m */; };
		B41AE6691DAAE92A00CFCCD7 /* TBReturnValueHookSectionController.m in Sources */ = {isa = PBXBuildFile; fileRef = B41AE6681DAAE92A00CFCCD7 /* TBReturnValueHookSectionController.m */; };
		B41AE66C1DAAE97100CFCCD7 /* TBChirpImpSectionController.m in Sources */ = {isa = PBXBuildFile; fileRef = B41AE66B1DAAE97100CFCCD7 /* TBChirpImpSectionController.m */; };
		B41AE66F1DAAE9FE00CFCCD7 /* TBTweakTypeSectionController.m in Sources */ = {isa = PBXBuildFile; fileRef = B41AE66E1DAAE9FE00CFCCD7 /* TBTweakTypeSectionController.m */; };
		B43BF1701D6D63ED00E94501 /* TBTweakRootViewController.m in Sources */ = {isa = PBXBuildFile; fileRef = B43BF16F1D6D63ED00E94501 /* TBTweakRootViewController.m */; };
		B43BF1731D6D74C400E94501 /* TBBundlePickerViewController.m in Sources */ = {isa = PBXBuildFile; fileRef = B43BF1721D6D74C400E94501 /* TBBundlePickerViewController.m */; };
		B43BF1761D6D753200E94501 /* TBTweakManager.m in Sources */ = {isa = PBXBuildFile; fileRef = B43BF1751D6D753200E94501 /* TBTweakManager.m */; };
		B43BF17C1D6D7D1800E94501 /* NSMapTable+Subscripting.m in Sources */ = {isa = PBXBuildFile; fileRef = B43BF17B1D6D7D1800E94501 /* NSMapTable+Subscripting.m */; };
		B43BF17F1D6E48C900E94501 /* TBMethodPickerViewController.m in Sources */ = {isa = PBXBuildFile; fileRef = B43BF17E1D6E48C900E94501 /* TBMethodPickerViewController.m */; };
		B43BF1821D6E492600E94501 /* TBClassPickerViewController.m in Sources */ = {isa = PBXBuildFile; fileRef = B43BF1811D6E492600E94501 /* TBClassPickerViewController.m */; };
		B440A9171D779ACC00320C54 /* TBNumberCell.m in Sources */ = {isa = PBXBuildFile; fileRef = B440A9161D779ACC00320C54 /* TBNumberCell.m */; };
		B44936EF1DA73C71008DB45E /* TBSettings.m in Sources */ = {isa = PBXBuildFile; fileRef = B44936EE1DA73C71008DB45E /* TBSettings.m */; };
		B44936F21DA7501F008DB45E /* TBDetailDisclosureCell.m in Sources */ = {isa = PBXBuildFile; fileRef = B44936F11DA7501F008DB45E /* TBDetailDisclosureCell.m */; };
		B4504C771D65230700C4B568 /* main.m in Sources */ = {isa = PBXBuildFile; fileRef = B4504C761D65230700C4B568 /* main.m */; };
		B4504C7A1D65230700C4B568 /* AppDelegate.m in Sources */ = {isa = PBXBuildFile; fileRef = B4504C791D65230700C4B568 /* AppDelegate.m */; };
		B4504C7C1D65230700C4B568 /* Assets.xcassets in Resources */ = {isa = PBXBuildFile; fileRef = B4504C7B1D65230700C4B568 /* Assets.xcassets */; };
		B4504C7F1D65230700C4B568 /* LaunchScreen.storyboard in Resources */ = {isa = PBXBuildFile; fileRef = B4504C7D1D65230700C4B568 /* LaunchScreen.storyboard */; };
		B4504C8A1D65230800C4B568 /* TBTweakViewControllerTests.m in Sources */ = {isa = PBXBuildFile; fileRef = B4504C891D65230800C4B568 /* TBTweakViewControllerTests.m */; };
		B4504C961D65246200C4B568 /* TBTweakListViewController.m in Sources */ = {isa = PBXBuildFile; fileRef = B4504C951D65246200C4B568 /* TBTweakListViewController.m */; };
		B4504C9A1D652AD200C4B568 /* TBTweak.m in Sources */ = {isa = PBXBuildFile; fileRef = B4504C991D652AD200C4B568 /* TBTweak.m */; };
		B4504C9D1D652C7100C4B568 /* TBMethodHook.m in Sources */ = {isa = PBXBuildFile; fileRef = B4504C9C1D652C7100C4B568 /* TBMethodHook.m */; };
		B4504CA01D65316E00C4B568 /* TBValue.m in Sources */ = {isa = PBXBuildFile; fileRef = B4504C9F1D65316E00C4B568 /* TBValue.m */; };
		B4504CA31D6535B300C4B568 /* NSScanner+ChirpParser.m in Sources */ = {isa = PBXBuildFile; fileRef = B4504CA21D6535B300C4B568 /* NSScanner+ChirpParser.m */; };
		B4504CA61D679C7200C4B568 /* NSError+Message.m in Sources */ = {isa = PBXBuildFile; fileRef = B4504CA51D679C7200C4B568 /* NSError+Message.m */; };
		B4504CA91D6A444100C4B568 /* NSTestClass.m in Sources */ = {isa = PBXBuildFile; fileRef = B4504CA81D6A444100C4B568 /* NSTestClass.m */; };
		B4504CB31D6BB8E300C4B568 /* TBTweakCell.m in Sources */ = {isa = PBXBuildFile; fileRef = B4504CB21D6BB8E300C4B568 /* TBTweakCell.m */; };
		B4504CB61D6BCF6C00C4B568 /* TBConfigureTweakViewController.m in Sources */ = {isa = PBXBuildFile; fileRef = B4504CB51D6BCF6C00C4B568 /* TBConfigureTweakViewController.m */; };
		B478B6CB1D77D79C009E7771 /* TBColorCell.m in Sources */ = {isa = PBXBuildFile; fileRef = B478B6CA1D77D79C009E7771 /* TBColorCell.m */; };
		B478B6DF1D78CA6B009E7771 /* TBConfigureTweakViewController+Protocols.m in Sources */ = {isa = PBXBuildFile; fileRef = B478B6DE1D78CA6B009E7771 /* TBConfigureTweakViewController+Protocols.m */; };
		B478B6E21D78CAB9009E7771 /* TBSwitchCell.m in Sources */ = {isa = PBXBuildFile; fileRef = B478B6E11D78CAB9009E7771 /* TBSwitchCell.m */; };
		B48E37311DA75A16002B9899 /* TBValue+ValueHelpers.m in Sources */ = {isa = PBXBuildFile; fileRef = B48E37301DA75A16002B9899 /* TBValue+ValueHelpers.m */; };
		B4B9C7E61D70D0EA0025E1FB /* TBChirpCell.m in Sources */ = {isa = PBXBuildFile; fileRef = B4B9C7E51D70D0EA0025E1FB /* TBChirpCell.m */; };
		B4B9C7EC1D70D1670025E1FB /* TBTypePickerViewController.m in Sources */ = {isa = PBXBuildFile; fileRef = B4B9C7EB1D70D1670025E1FB /* TBTypePickerViewController.m */; };
		B4B9C7EF1D70D3160025E1FB /* TBAddValueCell.m in Sources */ = {isa = PBXBuildFile; fileRef = B4B9C7EE1D70D3160025E1FB /* TBAddValueCell.m */; };
		B4B9C7F21D70D3240025E1FB /* TBStringCell.m in Sources */ = {isa = PBXBuildFile; fileRef = B4B9C7F11D70D3240025E1FB /* TBStringCell.m */; };
		B4B9C7F81D70D3410025E1FB /* TBDateCell.m in Sources */ = {isa = PBXBuildFile; fileRef = B4B9C7F71D70D3410025E1FB /* TBDateCell.m */; };
		B4B9C7FB1D70D4340025E1FB /* TBBaseValueCell.m in Sources */ = {isa = PBXBuildFile; fileRef = B4B9C7FA1D70D4340025E1FB /* TBBaseValueCell.m */; };
		B4B9C7FE1D70D5D40025E1FB /* TBKeyValuePairCell.m in Sources */ = {isa = PBXBuildFile; fileRef = B4B9C7FD1D70D5D40025E1FB /* TBKeyValuePairCell.m */; };
		C31198A31E8790BF0098F583 /* NSString+KeyPaths.m in Sources */ = {isa = PBXBuildFile; fileRef = C31198A21E8790BF0098F583 /* NSString+KeyPaths.m */; };
		C31198A61E87935A0098F583 /* TBStringKeyPathTests.m in Sources */ = {isa = PBXBuildFile; fileRef = C31198A51E87935A0098F583 /* TBStringKeyPathTests.m */; };
		C31198A91E87A10F0098F583 /* TBRuntimeControllerTests.m in Sources */ = {isa = PBXBuildFile; fileRef = C31198A81E87A10F0098F583 /* TBRuntimeControllerTests.m */; };
		C326C2A71E74EDF300039F4E /* NSArray+Functional.m in Sources */ = {isa = PBXBuildFile; fileRef = C326C2A61E74EDF300039F4E /* NSArray+Functional.m */; };
		C326C2AA1E79F46100039F4E /* TBTableViewCell.m in Sources */ = {isa = PBXBuildFile; fileRef = C326C2A91E79F46100039F4E /* TBTableViewCell.m */; };
		C34E04D21E847FA900688ED6 /* TBKeyPathSearchController.m in Sources */ = {isa = PBXBuildFile; fileRef = C34E04D11E847FA900688ED6 /* TBKeyPathSearchController.m */; };
		C34E04D51E84866A00688ED6 /* NSTimer+Blocks.m in Sources */ = {isa = PBXBuildFile; fileRef = C34E04D41E84866A00688ED6 /* NSTimer+Blocks.m */; };
		C34E04DB1E85D9C700688ED6 /* TBCodeFontCell.m in Sources */ = {isa = PBXBuildFile; fileRef = C34E04DA1E85D9C700688ED6 /* TBCodeFontCell.m */; };
		C35821401E847819008FEF2E /* TBKeyPathViewController.m in Sources */ = {isa = PBXBuildFile; fileRef = C358213F1E847819008FEF2E /* TBKeyPathViewController.m */; };
		C35821431E8479EC008FEF2E /* TBRuntimeController.m in Sources */ = {isa = PBXBuildFile; fileRef = C35821421E8479EC008FEF2E /* TBRuntimeController.m */; };
		C35933FD1E88AB4400D475C2 /* UIGestureRecognizer+Blocks.m in Sources */ = {isa = PBXBuildFile; fileRef = C35933FC1E88AB4400D475C2 /* UIGestureRecognizer+Blocks.m */; };
		C3601AC21E7C5FB100985E0D /* TBValueSectionController.m in Sources */ = {isa = PBXBuildFile; fileRef = C3601AC11E7C5FB100985E0D /* TBValueSectionController.m */; };
		C3601AC51E7C6D1700985E0D /* TBTextFieldCell.m in Sources */ = {isa = PBXBuildFile; fileRef = C3601AC41E7C6D1700985E0D /* TBTextFieldCell.m */; };
		C3601AC81E7C6E4D00985E0D /* TBTextViewCell.m in Sources */ = {isa = PBXBuildFile; fileRef = C3601AC71E7C6E4D00985E0D /* TBTextViewCell.m */; };
		C3601AD21E7C733300985E0D /* TBObjcCells.m in Sources */ = {isa = PBXBuildFile; fileRef = C3601AD11E7C733300985E0D /* TBObjcCells.m */; };
		C3B676A61E71FE46004E5122 /* UIViewController+Convenience.m in Sources */ = {isa = PBXBuildFile; fileRef = C3B676A51E71FE46004E5122 /* UIViewController+Convenience.m */; };
		C3B676A91E71FF6F004E5122 /* UIImage+TBBundleResources.m in Sources */ = {isa = PBXBuildFile; fileRef = C3B676A81E71FF6F004E5122 /* UIImage+TBBundleResources.m */; };
		C3B676AD1E720055004E5122 /* UIBarButtonItem+Convenience.m in Sources */ = {isa = PBXBuildFile; fileRef = C3B676AC1E720055004E5122 /* UIBarButtonItem+Convenience.m */; };
		C3B676B11E720DCC004E5122 /* UITableView+Convenience.m in Sources */ = {isa = PBXBuildFile; fileRef = C3B676B01E720DCC004E5122 /* UITableView+Convenience.m */; };
		C3B8A8E91E8066B500C62157 /* EnumSet.m in Sources */ = {isa = PBXBuildFile; fileRef = C3B8A8E81E8066B500C62157 /* EnumSet.m */; };
		C3BB84901E8C524600EE457A /* UITableView+FUCK.m in Sources */ = {isa = PBXBuildFile; fileRef = C3BB848F1E8C524600EE457A /* UITableView+FUCK.m */; };
		C3BB84991E8C682F00EE457A /* TBArrayElementSectionController.m in Sources */ = {isa = PBXBuildFile; fileRef = C3BB84981E8C682F00EE457A /* TBArrayElementSectionController.m */; };
		C3C3845E1E70795C00B1BC55 /* TBMethodHook+IMP.m in Sources */ = {isa = PBXBuildFile; fileRef = C3C3845D1E70795C00B1BC55 /* TBMethodHook+IMP.m */; };
		C3C384611E7079D000B1BC55 /* TBMethodHook+Limitations.m in Sources */ = {isa = PBXBuildFile; fileRef = C3C384601E7079D000B1BC55 /* TBMethodHook+Limitations.m */; };
		C3C384691E70817900B1BC55 /* TBTrampolineLanding.m in Sources */ = {isa = PBXBuildFile; fileRef = C3C384641E70817900B1BC55 /* TBTrampolineLanding.m */; };
		C3C3846A1E70817900B1BC55 /* TBTrampoline.s in Sources */ = {isa = PBXBuildFile; fileRef = C3C384661E70817900B1BC55 /* TBTrampoline.s */; };
		C3C384701E70823000B1BC55 /* TBMethodStore.m in Sources */ = {isa = PBXBuildFile; fileRef = C3C3846F1E70823000B1BC55 /* TBMethodStore.m */; };
		C3C384761E70B3D400B1BC55 /* TBValueTypes.m in Sources */ = {isa = PBXBuildFile; fileRef = C3C384751E70B3D400B1BC55 /* TBValueTypes.m */; };
		C3E530F41E808680001D33E1 /* UIFont+Swizzle.m in Sources */ = {isa = PBXBuildFile; fileRef = C3E530F31E808680001D33E1 /* UIFont+Swizzle.m */; };
		C3E530FA1E833093001D33E1 /* TBRuntime.m in Sources */ = {isa = PBXBuildFile; fileRef = C3E530F91E833093001D33E1 /* TBRuntime.m */; };
		C3E530FD1E8330C9001D33E1 /* TBKeyPathTokenizer.m in Sources */ = {isa = PBXBuildFile; fileRef = C3E530FC1E8330C9001D33E1 /* TBKeyPathTokenizer.m */; };
		C3E531001E8330F2001D33E1 /* TBKeyPath.m in Sources */ = {isa = PBXBuildFile; fileRef = C3E530FF1E8330F2001D33E1 /* TBKeyPath.m */; };
		C3E531031E8331BB001D33E1 /* TBToken.m in Sources */ = {isa = PBXBuildFile; fileRef = C3E531021E8331BB001D33E1 /* TBToken.m */; };
		C3E5310B1E836802001D33E1 /* TBKeyPathTokenizerTests.m in Sources */ = {isa = PBXBuildFile; fileRef = C3E5310A1E836802001D33E1 /* TBKeyPathTokenizerTests.m */; };
		C3F0F49B1E8A611A008066EC /* TBTextEditorView.m in Sources */ = {isa = PBXBuildFile; fileRef = C3F0F49A1E8A611A008066EC /* TBTextEditorView.m */; };
		C3F0F4A21E8B777A008066EC /* TBInfoView.m in Sources */ = {isa = PBXBuildFile; fileRef = C3F0F4A11E8B777A008066EC /* TBInfoView.m */; };
		C3FA6B1D1E845B1C00A01279 /* NSScanner+debug.m in Sources */ = {isa = PBXBuildFile; fileRef = C3FA6B1C1E845B1C00A01279 /* NSScanner+debug.m */; };
/* End PBXBuildFile section */

/* Begin PBXContainerItemProxy section */
		B4504C861D65230800C4B568 /* PBXContainerItemProxy */ = {
			isa = PBXContainerItemProxy;
			containerPortal = B4504C6A1D65230700C4B568 /* Project object */;
			proxyType = 1;
			remoteGlobalIDString = B4504C711D65230700C4B568;
			remoteInfo = TBTweakViewController;
		};
/* End PBXContainerItemProxy section */

/* Begin PBXCopyFilesBuildPhase section */
		B478B6D41D7861E5009E7771 /* CopyFiles */ = {
			isa = PBXCopyFilesBuildPhase;
			buildActionMask = 2147483647;
			dstPath = "";
			dstSubfolderSpec = 7;
			files = (
			);
			runOnlyForDeploymentPostprocessing = 0;
		};
/* End PBXCopyFilesBuildPhase section */

/* Begin PBXFileReference section */
		3611C365B73A76D2CFEF760C /* libPods-TBTweakViewController.a */ = {isa = PBXFileReference; explicitFileType = archive.ar; includeInIndex = 0; path = "libPods-TBTweakViewController.a"; sourceTree = BUILT_PRODUCTS_DIR; };
		51E49DEA457EC2D735C8A9FF /* Pods-TBTweakViewControllerTests.debug.xcconfig */ = {isa = PBXFileReference; includeInIndex = 1; lastKnownFileType = text.xcconfig; name = "Pods-TBTweakViewControllerTests.debug.xcconfig"; path = "Pods/Target Support Files/Pods-TBTweakViewControllerTests/Pods-TBTweakViewControllerTests.debug.xcconfig"; sourceTree = "<group>"; };
		6E88550082165D15F0205EB4 /* Pods-TBTweakViewController.release.xcconfig */ = {isa = PBXFileReference; includeInIndex = 1; lastKnownFileType = text.xcconfig; name = "Pods-TBTweakViewController.release.xcconfig"; path = "Pods/Target Support Files/Pods-TBTweakViewController/Pods-TBTweakViewController.release.xcconfig"; sourceTree = "<group>"; };
		813C5EF7015CF4C2787F96F5 /* libPods-TBTweakViewControllerTests.a */ = {isa = PBXFileReference; explicitFileType = archive.ar; includeInIndex = 0; path = "libPods-TBTweakViewControllerTests.a"; sourceTree = BUILT_PRODUCTS_DIR; };
		B41AE6611DA869C400CFCCD7 /* TBArgValueHookSectionController.h */ = {isa = PBXFileReference; fileEncoding = 4; lastKnownFileType = sourcecode.c.h; path = TBArgValueHookSectionController.h; sourceTree = "<group>"; };
		B41AE6621DA869C400CFCCD7 /* TBArgValueHookSectionController.m */ = {isa = PBXFileReference; fileEncoding = 4; lastKnownFileType = sourcecode.c.objc; path = TBArgValueHookSectionController.m; sourceTree = "<group>"; };
		B41AE6641DAAE77100CFCCD7 /* TBSectionController.h */ = {isa = PBXFileReference; fileEncoding = 4; lastKnownFileType = sourcecode.c.h; path = TBSectionController.h; sourceTree = "<group>"; };
		B41AE6651DAAE77100CFCCD7 /* TBSectionController.m */ = {isa = PBXFileReference; fileEncoding = 4; lastKnownFileType = sourcecode.c.objc; path = TBSectionController.m; sourceTree = "<group>"; };
		B41AE6671DAAE92A00CFCCD7 /* TBReturnValueHookSectionController.h */ = {isa = PBXFileReference; fileEncoding = 4; lastKnownFileType = sourcecode.c.h; path = TBReturnValueHookSectionController.h; sourceTree = "<group>"; };
		B41AE6681DAAE92A00CFCCD7 /* TBReturnValueHookSectionController.m */ = {isa = PBXFileReference; fileEncoding = 4; lastKnownFileType = sourcecode.c.objc; path = TBReturnValueHookSectionController.m; sourceTree = "<group>"; };
		B41AE66A1DAAE97100CFCCD7 /* TBChirpImpSectionController.h */ = {isa = PBXFileReference; fileEncoding = 4; lastKnownFileType = sourcecode.c.h; path = TBChirpImpSectionController.h; sourceTree = "<group>"; };
		B41AE66B1DAAE97100CFCCD7 /* TBChirpImpSectionController.m */ = {isa = PBXFileReference; fileEncoding = 4; lastKnownFileType = sourcecode.c.objc; path = TBChirpImpSectionController.m; sourceTree = "<group>"; };
		B41AE66D1DAAE9FE00CFCCD7 /* TBTweakTypeSectionController.h */ = {isa = PBXFileReference; fileEncoding = 4; lastKnownFileType = sourcecode.c.h; path = TBTweakTypeSectionController.h; sourceTree = "<group>"; };
		B41AE66E1DAAE9FE00CFCCD7 /* TBTweakTypeSectionController.m */ = {isa = PBXFileReference; fileEncoding = 4; lastKnownFileType = sourcecode.c.objc; path = TBTweakTypeSectionController.m; sourceTree = "<group>"; };
		B43BF16E1D6D63ED00E94501 /* TBTweakRootViewController.h */ = {isa = PBXFileReference; fileEncoding = 4; lastKnownFileType = sourcecode.c.h; path = TBTweakRootViewController.h; sourceTree = "<group>"; };
		B43BF16F1D6D63ED00E94501 /* TBTweakRootViewController.m */ = {isa = PBXFileReference; fileEncoding = 4; lastKnownFileType = sourcecode.c.objc; path = TBTweakRootViewController.m; sourceTree = "<group>"; };
		B43BF1711D6D74C400E94501 /* TBBundlePickerViewController.h */ = {isa = PBXFileReference; fileEncoding = 4; lastKnownFileType = sourcecode.c.h; path = TBBundlePickerViewController.h; sourceTree = "<group>"; };
		B43BF1721D6D74C400E94501 /* TBBundlePickerViewController.m */ = {isa = PBXFileReference; fileEncoding = 4; lastKnownFileType = sourcecode.c.objc; path = TBBundlePickerViewController.m; sourceTree = "<group>"; };
		B43BF1741D6D753200E94501 /* TBTweakManager.h */ = {isa = PBXFileReference; fileEncoding = 4; lastKnownFileType = sourcecode.c.h; path = TBTweakManager.h; sourceTree = "<group>"; };
		B43BF1751D6D753200E94501 /* TBTweakManager.m */ = {isa = PBXFileReference; fileEncoding = 4; lastKnownFileType = sourcecode.c.objc; path = TBTweakManager.m; sourceTree = "<group>"; };
		B43BF17A1D6D7D1800E94501 /* NSMapTable+Subscripting.h */ = {isa = PBXFileReference; fileEncoding = 4; lastKnownFileType = sourcecode.c.h; path = "NSMapTable+Subscripting.h"; sourceTree = "<group>"; };
		B43BF17B1D6D7D1800E94501 /* NSMapTable+Subscripting.m */ = {isa = PBXFileReference; fileEncoding = 4; lastKnownFileType = sourcecode.c.objc; path = "NSMapTable+Subscripting.m"; sourceTree = "<group>"; };
		B43BF17D1D6E48C900E94501 /* TBMethodPickerViewController.h */ = {isa = PBXFileReference; fileEncoding = 4; lastKnownFileType = sourcecode.c.h; path = TBMethodPickerViewController.h; sourceTree = "<group>"; };
		B43BF17E1D6E48C900E94501 /* TBMethodPickerViewController.m */ = {isa = PBXFileReference; fileEncoding = 4; lastKnownFileType = sourcecode.c.objc; path = TBMethodPickerViewController.m; sourceTree = "<group>"; };
		B43BF1801D6E492600E94501 /* TBClassPickerViewController.h */ = {isa = PBXFileReference; fileEncoding = 4; lastKnownFileType = sourcecode.c.h; path = TBClassPickerViewController.h; sourceTree = "<group>"; };
		B43BF1811D6E492600E94501 /* TBClassPickerViewController.m */ = {isa = PBXFileReference; fileEncoding = 4; lastKnownFileType = sourcecode.c.objc; path = TBClassPickerViewController.m; sourceTree = "<group>"; };
		B440A9151D779ACC00320C54 /* TBNumberCell.h */ = {isa = PBXFileReference; fileEncoding = 4; lastKnownFileType = sourcecode.c.h; path = TBNumberCell.h; sourceTree = "<group>"; };
		B440A9161D779ACC00320C54 /* TBNumberCell.m */ = {isa = PBXFileReference; fileEncoding = 4; lastKnownFileType = sourcecode.c.objc; path = TBNumberCell.m; sourceTree = "<group>"; };
		B44936ED1DA73C71008DB45E /* TBSettings.h */ = {isa = PBXFileReference; fileEncoding = 4; lastKnownFileType = sourcecode.c.h; path = TBSettings.h; sourceTree = "<group>"; };
		B44936EE1DA73C71008DB45E /* TBSettings.m */ = {isa = PBXFileReference; fileEncoding = 4; lastKnownFileType = sourcecode.c.objc; path = TBSettings.m; sourceTree = "<group>"; };
		B44936F01DA7501F008DB45E /* TBDetailDisclosureCell.h */ = {isa = PBXFileReference; fileEncoding = 4; lastKnownFileType = sourcecode.c.h; path = TBDetailDisclosureCell.h; sourceTree = "<group>"; };
		B44936F11DA7501F008DB45E /* TBDetailDisclosureCell.m */ = {isa = PBXFileReference; fileEncoding = 4; lastKnownFileType = sourcecode.c.objc; path = TBDetailDisclosureCell.m; sourceTree = "<group>"; };
		B4504C721D65230700C4B568 /* TBTweakViewController.app */ = {isa = PBXFileReference; explicitFileType = wrapper.application; includeInIndex = 0; path = TBTweakViewController.app; sourceTree = BUILT_PRODUCTS_DIR; };
		B4504C761D65230700C4B568 /* main.m */ = {isa = PBXFileReference; lastKnownFileType = sourcecode.c.objc; path = main.m; sourceTree = "<group>"; };
		B4504C781D65230700C4B568 /* AppDelegate.h */ = {isa = PBXFileReference; lastKnownFileType = sourcecode.c.h; path = AppDelegate.h; sourceTree = "<group>"; };
		B4504C791D65230700C4B568 /* AppDelegate.m */ = {isa = PBXFileReference; lastKnownFileType = sourcecode.c.objc; path = AppDelegate.m; sourceTree = "<group>"; };
		B4504C7B1D65230700C4B568 /* Assets.xcassets */ = {isa = PBXFileReference; lastKnownFileType = folder.assetcatalog; path = Assets.xcassets; sourceTree = "<group>"; };
		B4504C7E1D65230700C4B568 /* Base */ = {isa = PBXFileReference; lastKnownFileType = file.storyboard; name = Base; path = Base.lproj/LaunchScreen.storyboard; sourceTree = "<group>"; };
		B4504C801D65230700C4B568 /* Info.plist */ = {isa = PBXFileReference; lastKnownFileType = text.plist.xml; path = Info.plist; sourceTree = "<group>"; };
		B4504C851D65230800C4B568 /* TBTweakViewControllerTests.xctest */ = {isa = PBXFileReference; explicitFileType = wrapper.cfbundle; includeInIndex = 0; path = TBTweakViewControllerTests.xctest; sourceTree = BUILT_PRODUCTS_DIR; };
		B4504C891D65230800C4B568 /* TBTweakViewControllerTests.m */ = {isa = PBXFileReference; lastKnownFileType = sourcecode.c.objc; path = TBTweakViewControllerTests.m; sourceTree = "<group>"; };
		B4504C8B1D65230800C4B568 /* Info.plist */ = {isa = PBXFileReference; lastKnownFileType = text.plist.xml; path = Info.plist; sourceTree = "<group>"; };
		B4504C941D65246200C4B568 /* TBTweakListViewController.h */ = {isa = PBXFileReference; fileEncoding = 4; lastKnownFileType = sourcecode.c.h; path = TBTweakListViewController.h; sourceTree = "<group>"; };
		B4504C951D65246200C4B568 /* TBTweakListViewController.m */ = {isa = PBXFileReference; fileEncoding = 4; lastKnownFileType = sourcecode.c.objc; path = TBTweakListViewController.m; sourceTree = "<group>"; };
		B4504C981D652AD200C4B568 /* TBTweak.h */ = {isa = PBXFileReference; fileEncoding = 4; lastKnownFileType = sourcecode.c.h; path = TBTweak.h; sourceTree = "<group>"; };
		B4504C991D652AD200C4B568 /* TBTweak.m */ = {isa = PBXFileReference; fileEncoding = 4; lastKnownFileType = sourcecode.c.objc; path = TBTweak.m; sourceTree = "<group>"; };
		B4504C9B1D652C7100C4B568 /* TBMethodHook.h */ = {isa = PBXFileReference; fileEncoding = 4; lastKnownFileType = sourcecode.c.h; path = TBMethodHook.h; sourceTree = "<group>"; };
		B4504C9C1D652C7100C4B568 /* TBMethodHook.m */ = {isa = PBXFileReference; fileEncoding = 4; lastKnownFileType = sourcecode.c.objc; path = TBMethodHook.m; sourceTree = "<group>"; };
		B4504C9E1D65316E00C4B568 /* TBValue.h */ = {isa = PBXFileReference; fileEncoding = 4; lastKnownFileType = sourcecode.c.h; path = TBValue.h; sourceTree = "<group>"; };
		B4504C9F1D65316E00C4B568 /* TBValue.m */ = {isa = PBXFileReference; fileEncoding = 4; lastKnownFileType = sourcecode.c.objc; path = TBValue.m; sourceTree = "<group>"; };
		B4504CA11D6535B300C4B568 /* NSScanner+ChirpParser.h */ = {isa = PBXFileReference; fileEncoding = 4; lastKnownFileType = sourcecode.c.h; path = "NSScanner+ChirpParser.h"; sourceTree = "<group>"; };
		B4504CA21D6535B300C4B568 /* NSScanner+ChirpParser.m */ = {isa = PBXFileReference; fileEncoding = 4; lastKnownFileType = sourcecode.c.objc; path = "NSScanner+ChirpParser.m"; sourceTree = "<group>"; };
		B4504CA41D679C7200C4B568 /* NSError+Message.h */ = {isa = PBXFileReference; fileEncoding = 4; lastKnownFileType = sourcecode.c.h; path = "NSError+Message.h"; sourceTree = "<group>"; };
		B4504CA51D679C7200C4B568 /* NSError+Message.m */ = {isa = PBXFileReference; fileEncoding = 4; lastKnownFileType = sourcecode.c.objc; path = "NSError+Message.m"; sourceTree = "<group>"; };
		B4504CA71D6A444100C4B568 /* NSTestClass.h */ = {isa = PBXFileReference; fileEncoding = 4; lastKnownFileType = sourcecode.c.h; path = NSTestClass.h; sourceTree = "<group>"; };
		B4504CA81D6A444100C4B568 /* NSTestClass.m */ = {isa = PBXFileReference; fileEncoding = 4; lastKnownFileType = sourcecode.c.objc; path = NSTestClass.m; sourceTree = "<group>"; };
		B4504CB11D6BB8E300C4B568 /* TBTweakCell.h */ = {isa = PBXFileReference; fileEncoding = 4; lastKnownFileType = sourcecode.c.h; path = TBTweakCell.h; sourceTree = "<group>"; };
		B4504CB21D6BB8E300C4B568 /* TBTweakCell.m */ = {isa = PBXFileReference; fileEncoding = 4; lastKnownFileType = sourcecode.c.objc; path = TBTweakCell.m; sourceTree = "<group>"; };
		B4504CB41D6BCF6C00C4B568 /* TBConfigureTweakViewController.h */ = {isa = PBXFileReference; fileEncoding = 4; lastKnownFileType = sourcecode.c.h; path = TBConfigureTweakViewController.h; sourceTree = "<group>"; };
		B4504CB51D6BCF6C00C4B568 /* TBConfigureTweakViewController.m */ = {isa = PBXFileReference; fileEncoding = 4; lastKnownFileType = sourcecode.c.objc; path = TBConfigureTweakViewController.m; sourceTree = "<group>"; };
		B478B6C91D77D79C009E7771 /* TBColorCell.h */ = {isa = PBXFileReference; fileEncoding = 4; lastKnownFileType = sourcecode.c.h; path = TBColorCell.h; sourceTree = "<group>"; };
		B478B6CA1D77D79C009E7771 /* TBColorCell.m */ = {isa = PBXFileReference; fileEncoding = 4; lastKnownFileType = sourcecode.c.objc; path = TBColorCell.m; sourceTree = "<group>"; };
		B478B6DD1D78CA6B009E7771 /* TBConfigureTweakViewController+Protocols.h */ = {isa = PBXFileReference; fileEncoding = 4; lastKnownFileType = sourcecode.c.h; path = "TBConfigureTweakViewController+Protocols.h"; sourceTree = "<group>"; };
		B478B6DE1D78CA6B009E7771 /* TBConfigureTweakViewController+Protocols.m */ = {isa = PBXFileReference; fileEncoding = 4; lastKnownFileType = sourcecode.c.objc; path = "TBConfigureTweakViewController+Protocols.m"; sourceTree = "<group>"; };
		B478B6E01D78CAB9009E7771 /* TBSwitchCell.h */ = {isa = PBXFileReference; fileEncoding = 4; lastKnownFileType = sourcecode.c.h; path = TBSwitchCell.h; sourceTree = "<group>"; };
		B478B6E11D78CAB9009E7771 /* TBSwitchCell.m */ = {isa = PBXFileReference; fileEncoding = 4; lastKnownFileType = sourcecode.c.objc; path = TBSwitchCell.m; sourceTree = "<group>"; };
		B48E372F1DA75A16002B9899 /* TBValue+ValueHelpers.h */ = {isa = PBXFileReference; fileEncoding = 4; lastKnownFileType = sourcecode.c.h; path = "TBValue+ValueHelpers.h"; sourceTree = "<group>"; };
		B48E37301DA75A16002B9899 /* TBValue+ValueHelpers.m */ = {isa = PBXFileReference; fileEncoding = 4; lastKnownFileType = sourcecode.c.objc; path = "TBValue+ValueHelpers.m"; sourceTree = "<group>"; };
		B4B9C7E41D70D0EA0025E1FB /* TBChirpCell.h */ = {isa = PBXFileReference; fileEncoding = 4; lastKnownFileType = sourcecode.c.h; path = TBChirpCell.h; sourceTree = "<group>"; };
		B4B9C7E51D70D0EA0025E1FB /* TBChirpCell.m */ = {isa = PBXFileReference; fileEncoding = 4; lastKnownFileType = sourcecode.c.objc; path = TBChirpCell.m; sourceTree = "<group>"; };
		B4B9C7EA1D70D1670025E1FB /* TBTypePickerViewController.h */ = {isa = PBXFileReference; fileEncoding = 4; lastKnownFileType = sourcecode.c.h; path = TBTypePickerViewController.h; sourceTree = "<group>"; };
		B4B9C7EB1D70D1670025E1FB /* TBTypePickerViewController.m */ = {isa = PBXFileReference; fileEncoding = 4; lastKnownFileType = sourcecode.c.objc; path = TBTypePickerViewController.m; sourceTree = "<group>"; };
		B4B9C7ED1D70D3160025E1FB /* TBAddValueCell.h */ = {isa = PBXFileReference; fileEncoding = 4; lastKnownFileType = sourcecode.c.h; path = TBAddValueCell.h; sourceTree = "<group>"; };
		B4B9C7EE1D70D3160025E1FB /* TBAddValueCell.m */ = {isa = PBXFileReference; fileEncoding = 4; lastKnownFileType = sourcecode.c.objc; path = TBAddValueCell.m; sourceTree = "<group>"; };
		B4B9C7F01D70D3240025E1FB /* TBStringCell.h */ = {isa = PBXFileReference; fileEncoding = 4; lastKnownFileType = sourcecode.c.h; path = TBStringCell.h; sourceTree = "<group>"; };
		B4B9C7F11D70D3240025E1FB /* TBStringCell.m */ = {isa = PBXFileReference; fileEncoding = 4; lastKnownFileType = sourcecode.c.objc; path = TBStringCell.m; sourceTree = "<group>"; };
		B4B9C7F61D70D3410025E1FB /* TBDateCell.h */ = {isa = PBXFileReference; fileEncoding = 4; lastKnownFileType = sourcecode.c.h; path = TBDateCell.h; sourceTree = "<group>"; };
		B4B9C7F71D70D3410025E1FB /* TBDateCell.m */ = {isa = PBXFileReference; fileEncoding = 4; lastKnownFileType = sourcecode.c.objc; path = TBDateCell.m; sourceTree = "<group>"; };
		B4B9C7F91D70D4340025E1FB /* TBBaseValueCell.h */ = {isa = PBXFileReference; fileEncoding = 4; lastKnownFileType = sourcecode.c.h; path = TBBaseValueCell.h; sourceTree = "<group>"; };
		B4B9C7FA1D70D4340025E1FB /* TBBaseValueCell.m */ = {isa = PBXFileReference; fileEncoding = 4; lastKnownFileType = sourcecode.c.objc; path = TBBaseValueCell.m; sourceTree = "<group>"; };
		B4B9C7FC1D70D5D40025E1FB /* TBKeyValuePairCell.h */ = {isa = PBXFileReference; fileEncoding = 4; lastKnownFileType = sourcecode.c.h; path = TBKeyValuePairCell.h; sourceTree = "<group>"; };
		B4B9C7FD1D70D5D40025E1FB /* TBKeyValuePairCell.m */ = {isa = PBXFileReference; fileEncoding = 4; lastKnownFileType = sourcecode.c.objc; path = TBKeyValuePairCell.m; sourceTree = "<group>"; };
		B4B9C8021D70E97E0025E1FB /* TBValueCells.h */ = {isa = PBXFileReference; lastKnownFileType = sourcecode.c.h; path = TBValueCells.h; sourceTree = "<group>"; };
		C31198A11E8790BF0098F583 /* NSString+KeyPaths.h */ = {isa = PBXFileReference; fileEncoding = 4; lastKnownFileType = sourcecode.c.h; path = "NSString+KeyPaths.h"; sourceTree = "<group>"; };
		C31198A21E8790BF0098F583 /* NSString+KeyPaths.m */ = {isa = PBXFileReference; fileEncoding = 4; lastKnownFileType = sourcecode.c.objc; path = "NSString+KeyPaths.m"; sourceTree = "<group>"; };
		C31198A51E87935A0098F583 /* TBStringKeyPathTests.m */ = {isa = PBXFileReference; fileEncoding = 4; lastKnownFileType = sourcecode.c.objc; path = TBStringKeyPathTests.m; sourceTree = "<group>"; };
		C31198A81E87A10F0098F583 /* TBRuntimeControllerTests.m */ = {isa = PBXFileReference; fileEncoding = 4; lastKnownFileType = sourcecode.c.objc; path = TBRuntimeControllerTests.m; sourceTree = "<group>"; };
		C326C2A51E74EDF300039F4E /* NSArray+Functional.h */ = {isa = PBXFileReference; fileEncoding = 4; lastKnownFileType = sourcecode.c.h; path = "NSArray+Functional.h"; sourceTree = "<group>"; };
		C326C2A61E74EDF300039F4E /* NSArray+Functional.m */ = {isa = PBXFileReference; fileEncoding = 4; lastKnownFileType = sourcecode.c.objc; path = "NSArray+Functional.m"; sourceTree = "<group>"; };
		C326C2A81E79F46100039F4E /* TBTableViewCell.h */ = {isa = PBXFileReference; fileEncoding = 4; lastKnownFileType = sourcecode.c.h; path = TBTableViewCell.h; sourceTree = "<group>"; };
		C326C2A91E79F46100039F4E /* TBTableViewCell.m */ = {isa = PBXFileReference; fileEncoding = 4; lastKnownFileType = sourcecode.c.objc; path = TBTableViewCell.m; sourceTree = "<group>"; };
		C34E04D01E847FA900688ED6 /* TBKeyPathSearchController.h */ = {isa = PBXFileReference; fileEncoding = 4; lastKnownFileType = sourcecode.c.h; path = TBKeyPathSearchController.h; sourceTree = "<group>"; };
		C34E04D11E847FA900688ED6 /* TBKeyPathSearchController.m */ = {isa = PBXFileReference; fileEncoding = 4; lastKnownFileType = sourcecode.c.objc; path = TBKeyPathSearchController.m; sourceTree = "<group>"; };
		C34E04D31E84866A00688ED6 /* NSTimer+Blocks.h */ = {isa = PBXFileReference; fileEncoding = 4; lastKnownFileType = sourcecode.c.h; path = "NSTimer+Blocks.h"; sourceTree = "<group>"; };
		C34E04D41E84866A00688ED6 /* NSTimer+Blocks.m */ = {isa = PBXFileReference; fileEncoding = 4; lastKnownFileType = sourcecode.c.objc; path = "NSTimer+Blocks.m"; sourceTree = "<group>"; };
		C34E04D91E85D9C700688ED6 /* TBCodeFontCell.h */ = {isa = PBXFileReference; fileEncoding = 4; lastKnownFileType = sourcecode.c.h; path = TBCodeFontCell.h; sourceTree = "<group>"; };
		C34E04DA1E85D9C700688ED6 /* TBCodeFontCell.m */ = {isa = PBXFileReference; fileEncoding = 4; lastKnownFileType = sourcecode.c.objc; path = TBCodeFontCell.m; sourceTree = "<group>"; };
		C358213E1E847819008FEF2E /* TBKeyPathViewController.h */ = {isa = PBXFileReference; fileEncoding = 4; lastKnownFileType = sourcecode.c.h; path = TBKeyPathViewController.h; sourceTree = "<group>"; };
		C358213F1E847819008FEF2E /* TBKeyPathViewController.m */ = {isa = PBXFileReference; fileEncoding = 4; lastKnownFileType = sourcecode.c.objc; path = TBKeyPathViewController.m; sourceTree = "<group>"; };
		C35821411E8479EC008FEF2E /* TBRuntimeController.h */ = {isa = PBXFileReference; fileEncoding = 4; lastKnownFileType = sourcecode.c.h; path = TBRuntimeController.h; sourceTree = "<group>"; };
		C35821421E8479EC008FEF2E /* TBRuntimeController.m */ = {isa = PBXFileReference; fileEncoding = 4; lastKnownFileType = sourcecode.c.objc; path = TBRuntimeController.m; sourceTree = "<group>"; };
		C35933FB1E88AB4400D475C2 /* UIGestureRecognizer+Blocks.h */ = {isa = PBXFileReference; fileEncoding = 4; lastKnownFileType = sourcecode.c.h; path = "UIGestureRecognizer+Blocks.h"; sourceTree = "<group>"; };
		C35933FC1E88AB4400D475C2 /* UIGestureRecognizer+Blocks.m */ = {isa = PBXFileReference; fileEncoding = 4; lastKnownFileType = sourcecode.c.objc; path = "UIGestureRecognizer+Blocks.m"; sourceTree = "<group>"; };
		C3601AC01E7C5FB100985E0D /* TBValueSectionController.h */ = {isa = PBXFileReference; fileEncoding = 4; lastKnownFileType = sourcecode.c.h; path = TBValueSectionController.h; sourceTree = "<group>"; };
		C3601AC11E7C5FB100985E0D /* TBValueSectionController.m */ = {isa = PBXFileReference; fileEncoding = 4; lastKnownFileType = sourcecode.c.objc; path = TBValueSectionController.m; sourceTree = "<group>"; };
		C3601AC31E7C6D1700985E0D /* TBTextFieldCell.h */ = {isa = PBXFileReference; fileEncoding = 4; lastKnownFileType = sourcecode.c.h; path = TBTextFieldCell.h; sourceTree = "<group>"; };
		C3601AC41E7C6D1700985E0D /* TBTextFieldCell.m */ = {isa = PBXFileReference; fileEncoding = 4; lastKnownFileType = sourcecode.c.objc; path = TBTextFieldCell.m; sourceTree = "<group>"; };
		C3601AC61E7C6E4D00985E0D /* TBTextViewCell.h */ = {isa = PBXFileReference; fileEncoding = 4; lastKnownFileType = sourcecode.c.h; path = TBTextViewCell.h; sourceTree = "<group>"; };
		C3601AC71E7C6E4D00985E0D /* TBTextViewCell.m */ = {isa = PBXFileReference; fileEncoding = 4; lastKnownFileType = sourcecode.c.objc; path = TBTextViewCell.m; sourceTree = "<group>"; };
		C3601AD01E7C733300985E0D /* TBObjcCells.h */ = {isa = PBXFileReference; fileEncoding = 4; lastKnownFileType = sourcecode.c.h; path = TBObjcCells.h; sourceTree = "<group>"; };
		C3601AD11E7C733300985E0D /* TBObjcCells.m */ = {isa = PBXFileReference; fileEncoding = 4; lastKnownFileType = sourcecode.c.objc; path = TBObjcCells.m; sourceTree = "<group>"; };
		C3A3B19A1E7B29590022A9B8 /* SectionControllers.h */ = {isa = PBXFileReference; lastKnownFileType = sourcecode.c.h; path = SectionControllers.h; sourceTree = "<group>"; };
		C3AAF0A41E88DDC500C7DA38 /* SwizzleInit.h */ = {isa = PBXFileReference; lastKnownFileType = sourcecode.c.h; path = SwizzleInit.h; sourceTree = "<group>"; };
		C3B676A41E71FE46004E5122 /* UIViewController+Convenience.h */ = {isa = PBXFileReference; fileEncoding = 4; lastKnownFileType = sourcecode.c.h; path = "UIViewController+Convenience.h"; sourceTree = "<group>"; };
		C3B676A51E71FE46004E5122 /* UIViewController+Convenience.m */ = {isa = PBXFileReference; fileEncoding = 4; lastKnownFileType = sourcecode.c.objc; path = "UIViewController+Convenience.m"; sourceTree = "<group>"; };
		C3B676A71E71FF6F004E5122 /* UIImage+TBBundleResources.h */ = {isa = PBXFileReference; fileEncoding = 4; lastKnownFileType = sourcecode.c.h; path = "UIImage+TBBundleResources.h"; sourceTree = "<group>"; };
		C3B676A81E71FF6F004E5122 /* UIImage+TBBundleResources.m */ = {isa = PBXFileReference; fileEncoding = 4; lastKnownFileType = sourcecode.c.objc; path = "UIImage+TBBundleResources.m"; sourceTree = "<group>"; };
		C3B676AA1E71FFD5004E5122 /* Categories.h */ = {isa = PBXFileReference; lastKnownFileType = sourcecode.c.h; path = Categories.h; sourceTree = "<group>"; };
		C3B676AB1E720055004E5122 /* UIBarButtonItem+Convenience.h */ = {isa = PBXFileReference; fileEncoding = 4; lastKnownFileType = sourcecode.c.h; path = "UIBarButtonItem+Convenience.h"; sourceTree = "<group>"; };
		C3B676AC1E720055004E5122 /* UIBarButtonItem+Convenience.m */ = {isa = PBXFileReference; fileEncoding = 4; lastKnownFileType = sourcecode.c.objc; path = "UIBarButtonItem+Convenience.m"; sourceTree = "<group>"; };
		C3B676AF1E720DCC004E5122 /* UITableView+Convenience.h */ = {isa = PBXFileReference; fileEncoding = 4; lastKnownFileType = sourcecode.c.h; path = "UITableView+Convenience.h"; sourceTree = "<group>"; };
		C3B676B01E720DCC004E5122 /* UITableView+Convenience.m */ = {isa = PBXFileReference; fileEncoding = 4; lastKnownFileType = sourcecode.c.objc; path = "UITableView+Convenience.m"; sourceTree = "<group>"; };
		C3B8A8E71E8066B500C62157 /* EnumSet.h */ = {isa = PBXFileReference; fileEncoding = 4; lastKnownFileType = sourcecode.c.h; path = EnumSet.h; sourceTree = "<group>"; };
		C3B8A8E81E8066B500C62157 /* EnumSet.m */ = {isa = PBXFileReference; fileEncoding = 4; lastKnownFileType = sourcecode.c.objc; path = EnumSet.m; sourceTree = "<group>"; };
		C3BB848E1E8C524600EE457A /* UITableView+FUCK.h */ = {isa = PBXFileReference; fileEncoding = 4; lastKnownFileType = sourcecode.c.h; path = "UITableView+FUCK.h"; sourceTree = "<group>"; };
		C3BB848F1E8C524600EE457A /* UITableView+FUCK.m */ = {isa = PBXFileReference; fileEncoding = 4; lastKnownFileType = sourcecode.c.objc; path = "UITableView+FUCK.m"; sourceTree = "<group>"; };
		C3BB84971E8C682F00EE457A /* TBArrayElementSectionController.h */ = {isa = PBXFileReference; fileEncoding = 4; lastKnownFileType = sourcecode.c.h; path = TBArrayElementSectionController.h; sourceTree = "<group>"; };
		C3BB84981E8C682F00EE457A /* TBArrayElementSectionController.m */ = {isa = PBXFileReference; fileEncoding = 4; lastKnownFileType = sourcecode.c.objc; path = TBArrayElementSectionController.m; sourceTree = "<group>"; };
		C3C3845C1E70795C00B1BC55 /* TBMethodHook+IMP.h */ = {isa = PBXFileReference; fileEncoding = 4; lastKnownFileType = sourcecode.c.h; path = "TBMethodHook+IMP.h"; sourceTree = "<group>"; };
		C3C3845D1E70795C00B1BC55 /* TBMethodHook+IMP.m */ = {isa = PBXFileReference; fileEncoding = 4; lastKnownFileType = sourcecode.c.objc; path = "TBMethodHook+IMP.m"; sourceTree = "<group>"; };
		C3C3845F1E7079D000B1BC55 /* TBMethodHook+Limitations.h */ = {isa = PBXFileReference; fileEncoding = 4; lastKnownFileType = sourcecode.c.h; path = "TBMethodHook+Limitations.h"; sourceTree = "<group>"; };
		C3C384601E7079D000B1BC55 /* TBMethodHook+Limitations.m */ = {isa = PBXFileReference; fileEncoding = 4; lastKnownFileType = sourcecode.c.objc; path = "TBMethodHook+Limitations.m"; sourceTree = "<group>"; };
		C3C384631E70817900B1BC55 /* TBTrampolineLanding.h */ = {isa = PBXFileReference; fileEncoding = 4; lastKnownFileType = sourcecode.c.h; path = TBTrampolineLanding.h; sourceTree = "<group>"; };
		C3C384641E70817900B1BC55 /* TBTrampolineLanding.m */ = {isa = PBXFileReference; fileEncoding = 4; lastKnownFileType = sourcecode.c.objc; path = TBTrampolineLanding.m; sourceTree = "<group>"; };
		C3C384651E70817900B1BC55 /* TBTrampoline.h */ = {isa = PBXFileReference; fileEncoding = 4; lastKnownFileType = sourcecode.c.h; path = TBTrampoline.h; sourceTree = "<group>"; };
		C3C384661E70817900B1BC55 /* TBTrampoline.s */ = {isa = PBXFileReference; fileEncoding = 4; lastKnownFileType = sourcecode.asm; path = TBTrampoline.s; sourceTree = "<group>"; };
		C3C3846E1E70823000B1BC55 /* TBMethodStore.h */ = {isa = PBXFileReference; fileEncoding = 4; lastKnownFileType = sourcecode.c.h; path = TBMethodStore.h; sourceTree = "<group>"; };
		C3C3846F1E70823000B1BC55 /* TBMethodStore.m */ = {isa = PBXFileReference; fileEncoding = 4; lastKnownFileType = sourcecode.c.objc; path = TBMethodStore.m; sourceTree = "<group>"; };
		C3C384741E70B39D00B1BC55 /* TBValueTypes.h */ = {isa = PBXFileReference; lastKnownFileType = sourcecode.c.h; path = TBValueTypes.h; sourceTree = "<group>"; };
		C3C384751E70B3D400B1BC55 /* TBValueTypes.m */ = {isa = PBXFileReference; fileEncoding = 4; lastKnownFileType = sourcecode.c.objc; path = TBValueTypes.m; sourceTree = "<group>"; };
		C3C384771E70CB2000B1BC55 /* TestStructs.h */ = {isa = PBXFileReference; lastKnownFileType = sourcecode.c.h; path = TestStructs.h; sourceTree = "<group>"; };
		C3E530F21E808680001D33E1 /* UIFont+Swizzle.h */ = {isa = PBXFileReference; fileEncoding = 4; lastKnownFileType = sourcecode.c.h; path = "UIFont+Swizzle.h"; sourceTree = "<group>"; };
		C3E530F31E808680001D33E1 /* UIFont+Swizzle.m */ = {isa = PBXFileReference; fileEncoding = 4; lastKnownFileType = sourcecode.c.objc; path = "UIFont+Swizzle.m"; sourceTree = "<group>"; };
		C3E530F81E833093001D33E1 /* TBRuntime.h */ = {isa = PBXFileReference; fileEncoding = 4; lastKnownFileType = sourcecode.c.h; path = TBRuntime.h; sourceTree = "<group>"; };
		C3E530F91E833093001D33E1 /* TBRuntime.m */ = {isa = PBXFileReference; fileEncoding = 4; lastKnownFileType = sourcecode.c.objc; path = TBRuntime.m; sourceTree = "<group>"; };
		C3E530FB1E8330C9001D33E1 /* TBKeyPathTokenizer.h */ = {isa = PBXFileReference; fileEncoding = 4; lastKnownFileType = sourcecode.c.h; path = TBKeyPathTokenizer.h; sourceTree = "<group>"; };
		C3E530FC1E8330C9001D33E1 /* TBKeyPathTokenizer.m */ = {isa = PBXFileReference; fileEncoding = 4; lastKnownFileType = sourcecode.c.objc; path = TBKeyPathTokenizer.m; sourceTree = "<group>"; };
		C3E530FE1E8330F2001D33E1 /* TBKeyPath.h */ = {isa = PBXFileReference; fileEncoding = 4; lastKnownFileType = sourcecode.c.h; path = TBKeyPath.h; sourceTree = "<group>"; };
		C3E530FF1E8330F2001D33E1 /* TBKeyPath.m */ = {isa = PBXFileReference; fileEncoding = 4; lastKnownFileType = sourcecode.c.objc; path = TBKeyPath.m; sourceTree = "<group>"; };
		C3E531011E8331BB001D33E1 /* TBToken.h */ = {isa = PBXFileReference; fileEncoding = 4; lastKnownFileType = sourcecode.c.h; path = TBToken.h; sourceTree = "<group>"; };
		C3E531021E8331BB001D33E1 /* TBToken.m */ = {isa = PBXFileReference; fileEncoding = 4; lastKnownFileType = sourcecode.c.objc; path = TBToken.m; sourceTree = "<group>"; };
		C3E5310A1E836802001D33E1 /* TBKeyPathTokenizerTests.m */ = {isa = PBXFileReference; fileEncoding = 4; lastKnownFileType = sourcecode.c.objc; path = TBKeyPathTokenizerTests.m; sourceTree = "<group>"; };
		C3F0F4991E8A611A008066EC /* TBTextEditorView.h */ = {isa = PBXFileReference; fileEncoding = 4; lastKnownFileType = sourcecode.c.h; path = TBTextEditorView.h; sourceTree = "<group>"; };
		C3F0F49A1E8A611A008066EC /* TBTextEditorView.m */ = {isa = PBXFileReference; fileEncoding = 4; lastKnownFileType = sourcecode.c.objc; path = TBTextEditorView.m; sourceTree = "<group>"; };
		C3F0F4A01E8B777A008066EC /* TBInfoView.h */ = {isa = PBXFileReference; fileEncoding = 4; lastKnownFileType = sourcecode.c.h; path = TBInfoView.h; sourceTree = "<group>"; };
		C3F0F4A11E8B777A008066EC /* TBInfoView.m */ = {isa = PBXFileReference; fileEncoding = 4; lastKnownFileType = sourcecode.c.objc; path = TBInfoView.m; sourceTree = "<group>"; };
		C3FA6B1B1E845B1C00A01279 /* NSScanner+debug.h */ = {isa = PBXFileReference; fileEncoding = 4; lastKnownFileType = sourcecode.c.h; path = "NSScanner+debug.h"; sourceTree = "<group>"; };
		C3FA6B1C1E845B1C00A01279 /* NSScanner+debug.m */ = {isa = PBXFileReference; fileEncoding = 4; lastKnownFileType = sourcecode.c.objc; path = "NSScanner+debug.m"; sourceTree = "<group>"; };
		EEB0269EED7ACDB5AAEBF18B /* Pods-TBTweakViewControllerTests.release.xcconfig */ = {isa = PBXFileReference; includeInIndex = 1; lastKnownFileType = text.xcconfig; name = "Pods-TBTweakViewControllerTests.release.xcconfig"; path = "Pods/Target Support Files/Pods-TBTweakViewControllerTests/Pods-TBTweakViewControllerTests.release.xcconfig"; sourceTree = "<group>"; };
		F220448A0847475F5C8C4DF2 /* Pods-TBTweakViewController.debug.xcconfig */ = {isa = PBXFileReference; includeInIndex = 1; lastKnownFileType = text.xcconfig; name = "Pods-TBTweakViewController.debug.xcconfig"; path = "Pods/Target Support Files/Pods-TBTweakViewController/Pods-TBTweakViewController.debug.xcconfig"; sourceTree = "<group>"; };
/* End PBXFileReference section */

/* Begin PBXFrameworksBuildPhase section */
		B4504C6F1D65230700C4B568 /* Frameworks */ = {
			isa = PBXFrameworksBuildPhase;
			buildActionMask = 2147483647;
			files = (
				20EE7AAC8BEF704A64375426 /* libPods-TBTweakViewController.a in Frameworks */,
			);
			runOnlyForDeploymentPostprocessing = 0;
		};
		B4504C821D65230800C4B568 /* Frameworks */ = {
			isa = PBXFrameworksBuildPhase;
			buildActionMask = 2147483647;
			files = (
				5C6F1EC54E538099A8204AD4 /* libPods-TBTweakViewControllerTests.a in Frameworks */,
			);
			runOnlyForDeploymentPostprocessing = 0;
		};
/* End PBXFrameworksBuildPhase section */

/* Begin PBXGroup section */
		178986DC440407595504DD6A /* Frameworks */ = {
			isa = PBXGroup;
			children = (
				3611C365B73A76D2CFEF760C /* libPods-TBTweakViewController.a */,
				813C5EF7015CF4C2787F96F5 /* libPods-TBTweakViewControllerTests.a */,
			);
			name = Frameworks;
			sourceTree = "<group>";
		};
		59A87BC3AB0BE681ABBF0F69 /* Pods */ = {
			isa = PBXGroup;
			children = (
				F220448A0847475F5C8C4DF2 /* Pods-TBTweakViewController.debug.xcconfig */,
				6E88550082165D15F0205EB4 /* Pods-TBTweakViewController.release.xcconfig */,
				51E49DEA457EC2D735C8A9FF /* Pods-TBTweakViewControllerTests.debug.xcconfig */,
				EEB0269EED7ACDB5AAEBF18B /* Pods-TBTweakViewControllerTests.release.xcconfig */,
			);
			name = Pods;
			sourceTree = "<group>";
		};
		B4504C691D65230700C4B568 = {
			isa = PBXGroup;
			children = (
				B4504C741D65230700C4B568 /* TBTweakViewController */,
				B4504C881D65230800C4B568 /* TBTweakViewControllerTests */,
				B4504C731D65230700C4B568 /* Products */,
				59A87BC3AB0BE681ABBF0F69 /* Pods */,
				178986DC440407595504DD6A /* Frameworks */,
			);
			sourceTree = "<group>";
		};
		B4504C731D65230700C4B568 /* Products */ = {
			isa = PBXGroup;
			children = (
				B4504C721D65230700C4B568 /* TBTweakViewController.app */,
				B4504C851D65230800C4B568 /* TBTweakViewControllerTests.xctest */,
			);
			name = Products;
			sourceTree = "<group>";
		};
		B4504C741D65230700C4B568 /* TBTweakViewController */ = {
			isa = PBXGroup;
			children = (
				B4504C7B1D65230700C4B568 /* Assets.xcassets */,
				B4504C751D65230700C4B568 /* Supporting Files */,
				B4504C971D65246B00C4B568 /* Classes */,
			);
			path = TBTweakViewController;
			sourceTree = "<group>";
		};
		B4504C751D65230700C4B568 /* Supporting Files */ = {
			isa = PBXGroup;
			children = (
				B4504C761D65230700C4B568 /* main.m */,
				B4504C781D65230700C4B568 /* AppDelegate.h */,
				B4504C791D65230700C4B568 /* AppDelegate.m */,
				B4504C7D1D65230700C4B568 /* LaunchScreen.storyboard */,
				B4504C801D65230700C4B568 /* Info.plist */,
			);
			name = "Supporting Files";
			sourceTree = "<group>";
		};
		B4504C881D65230800C4B568 /* TBTweakViewControllerTests */ = {
			isa = PBXGroup;
			children = (
				B4504C891D65230800C4B568 /* TBTweakViewControllerTests.m */,
				C3E5310A1E836802001D33E1 /* TBKeyPathTokenizerTests.m */,
				C31198A51E87935A0098F583 /* TBStringKeyPathTests.m */,
				C31198A81E87A10F0098F583 /* TBRuntimeControllerTests.m */,
				C3C384771E70CB2000B1BC55 /* TestStructs.h */,
				B4504CA71D6A444100C4B568 /* NSTestClass.h */,
				B4504CA81D6A444100C4B568 /* NSTestClass.m */,
				B4504C8B1D65230800C4B568 /* Info.plist */,
			);
			path = TBTweakViewControllerTests;
			sourceTree = "<group>";
		};
		B4504C971D65246B00C4B568 /* Classes */ = {
			isa = PBXGroup;
			children = (
				C3F0F4981E8A60B3008066EC /* Views */,
				C3AAF0A41E88DDC500C7DA38 /* SwizzleInit.h */,
				C326C2A81E79F46100039F4E /* TBTableViewCell.h */,
				C326C2A91E79F46100039F4E /* TBTableViewCell.m */,
				C3C384621E70813800B1BC55 /* Misc categories */,
				C3E530F61E832FFE001D33E1 /* Root view */,
				B4B9C7E21D70D08F0025E1FB /* Making tweaks */,
				B4B9C7E31D70D0970025E1FB /* Configuring tweaks */,
				B4504CAD1D6BA76000C4B568 /* Model */,
				C3C3846C1E7081B300B1BC55 /* Trampoline */,
			);
			path = Classes;
			sourceTree = "<group>";
		};
		B4504CAD1D6BA76000C4B568 /* Model */ = {
			isa = PBXGroup;
			children = (
				C3C3846D1E7081CC00B1BC55 /* Management */,
				B4504C981D652AD200C4B568 /* TBTweak.h */,
				B4504C991D652AD200C4B568 /* TBTweak.m */,
				B4504C9B1D652C7100C4B568 /* TBMethodHook.h */,
				B4504C9C1D652C7100C4B568 /* TBMethodHook.m */,
				C3C3845F1E7079D000B1BC55 /* TBMethodHook+Limitations.h */,
				C3C384601E7079D000B1BC55 /* TBMethodHook+Limitations.m */,
				C3C3845C1E70795C00B1BC55 /* TBMethodHook+IMP.h */,
				C3C3845D1E70795C00B1BC55 /* TBMethodHook+IMP.m */,
				C3C384741E70B39D00B1BC55 /* TBValueTypes.h */,
				C3C384751E70B3D400B1BC55 /* TBValueTypes.m */,
				B4504C9E1D65316E00C4B568 /* TBValue.h */,
				B4504C9F1D65316E00C4B568 /* TBValue.m */,
				B48E372F1DA75A16002B9899 /* TBValue+ValueHelpers.h */,
				B48E37301DA75A16002B9899 /* TBValue+ValueHelpers.m */,
				B4504CA11D6535B300C4B568 /* NSScanner+ChirpParser.h */,
				B4504CA21D6535B300C4B568 /* NSScanner+ChirpParser.m */,
				C3B8A8E71E8066B500C62157 /* EnumSet.h */,
				C3B8A8E81E8066B500C62157 /* EnumSet.m */,
			);
			name = Model;
			sourceTree = "<group>";
		};
		B4B9C7E21D70D08F0025E1FB /* Making tweaks */ = {
			isa = PBXGroup;
			children = (
				C3E531051E8331C7001D33E1 /* Key paths */,
				C3E530F71E833079001D33E1 /* Runtime helpers */,
				C3AAF0A51E88E58000C7DA38 /* Simple view? */,
				C358213E1E847819008FEF2E /* TBKeyPathViewController.h */,
				C358213F1E847819008FEF2E /* TBKeyPathViewController.m */,
				C34E04D01E847FA900688ED6 /* TBKeyPathSearchController.h */,
				C34E04D11E847FA900688ED6 /* TBKeyPathSearchController.m */,
				C34E04D91E85D9C700688ED6 /* TBCodeFontCell.h */,
				C34E04DA1E85D9C700688ED6 /* TBCodeFontCell.m */,
				B478B6E01D78CAB9009E7771 /* TBSwitchCell.h */,
				B478B6E11D78CAB9009E7771 /* TBSwitchCell.m */,
			);
			name = "Making tweaks";
			sourceTree = "<group>";
		};
		B4B9C7E31D70D0970025E1FB /* Configuring tweaks */ = {
			isa = PBXGroup;
			children = (
				C3B676B21E721B99004E5122 /* Section controllers */,
				C3B676AE1E72092B004E5122 /* Cells */,
				B4504CB41D6BCF6C00C4B568 /* TBConfigureTweakViewController.h */,
				B4504CB51D6BCF6C00C4B568 /* TBConfigureTweakViewController.m */,
				B478B6DD1D78CA6B009E7771 /* TBConfigureTweakViewController+Protocols.h */,
				B478B6DE1D78CA6B009E7771 /* TBConfigureTweakViewController+Protocols.m */,
				B4B9C7EA1D70D1670025E1FB /* TBTypePickerViewController.h */,
				B4B9C7EB1D70D1670025E1FB /* TBTypePickerViewController.m */,
			);
			name = "Configuring tweaks";
			sourceTree = "<group>";
		};
		C3601AC91E7C70A000985E0D /* Text cells */ = {
			isa = PBXGroup;
			children = (
				C3601AC31E7C6D1700985E0D /* TBTextFieldCell.h */,
				C3601AC41E7C6D1700985E0D /* TBTextFieldCell.m */,
				C3601AD01E7C733300985E0D /* TBObjcCells.h */,
				C3601AD11E7C733300985E0D /* TBObjcCells.m */,
				B440A9151D779ACC00320C54 /* TBNumberCell.h */,
				B440A9161D779ACC00320C54 /* TBNumberCell.m */,
				B478B6C91D77D79C009E7771 /* TBColorCell.h */,
				B478B6CA1D77D79C009E7771 /* TBColorCell.m */,
				C3601AC61E7C6E4D00985E0D /* TBTextViewCell.h */,
				C3601AC71E7C6E4D00985E0D /* TBTextViewCell.m */,
				B4B9C7F01D70D3240025E1FB /* TBStringCell.h */,
				B4B9C7F11D70D3240025E1FB /* TBStringCell.m */,
				B4B9C7E41D70D0EA0025E1FB /* TBChirpCell.h */,
				B4B9C7E51D70D0EA0025E1FB /* TBChirpCell.m */,
			);
			name = "Text cells";
			sourceTree = "<group>";
		};
		C3AAF0A51E88E58000C7DA38 /* Simple view? */ = {
			isa = PBXGroup;
			children = (
				B43BF1711D6D74C400E94501 /* TBBundlePickerViewController.h */,
				B43BF1721D6D74C400E94501 /* TBBundlePickerViewController.m */,
				B43BF1801D6E492600E94501 /* TBClassPickerViewController.h */,
				B43BF1811D6E492600E94501 /* TBClassPickerViewController.m */,
				B43BF17D1D6E48C900E94501 /* TBMethodPickerViewController.h */,
				B43BF17E1D6E48C900E94501 /* TBMethodPickerViewController.m */,
			);
			name = "Simple view?";
			sourceTree = "<group>";
		};
		C3B676AE1E72092B004E5122 /* Cells */ = {
			isa = PBXGroup;
			children = (
				B4B9C8021D70E97E0025E1FB /* TBValueCells.h */,
				B4B9C7F91D70D4340025E1FB /* TBBaseValueCell.h */,
				B4B9C7FA1D70D4340025E1FB /* TBBaseValueCell.m */,
				C3601AC91E7C70A000985E0D /* Text cells */,
				B4B9C7ED1D70D3160025E1FB /* TBAddValueCell.h */,
				B4B9C7EE1D70D3160025E1FB /* TBAddValueCell.m */,
				B4B9C7F61D70D3410025E1FB /* TBDateCell.h */,
				B4B9C7F71D70D3410025E1FB /* TBDateCell.m */,
				B4B9C7FC1D70D5D40025E1FB /* TBKeyValuePairCell.h */,
				B4B9C7FD1D70D5D40025E1FB /* TBKeyValuePairCell.m */,
				B44936F01DA7501F008DB45E /* TBDetailDisclosureCell.h */,
				B44936F11DA7501F008DB45E /* TBDetailDisclosureCell.m */,
			);
			name = Cells;
			sourceTree = "<group>";
		};
		C3B676B21E721B99004E5122 /* Section controllers */ = {
			isa = PBXGroup;
			children = (
				C3A3B19A1E7B29590022A9B8 /* SectionControllers.h */,
				B41AE6641DAAE77100CFCCD7 /* TBSectionController.h */,
				B41AE6651DAAE77100CFCCD7 /* TBSectionController.m */,
				C3BB84951E8C661500EE457A /* Tweaking */,
				C3BB84961E8C661B00EE457A /* Collections */,
			);
			name = "Section controllers";
			sourceTree = "<group>";
		};
		C3BB84951E8C661500EE457A /* Tweaking */ = {
			isa = PBXGroup;
			children = (
				B41AE66D1DAAE9FE00CFCCD7 /* TBTweakTypeSectionController.h */,
				B41AE66E1DAAE9FE00CFCCD7 /* TBTweakTypeSectionController.m */,
				B41AE66A1DAAE97100CFCCD7 /* TBChirpImpSectionController.h */,
				B41AE66B1DAAE97100CFCCD7 /* TBChirpImpSectionController.m */,
				C3601AC01E7C5FB100985E0D /* TBValueSectionController.h */,
				C3601AC11E7C5FB100985E0D /* TBValueSectionController.m */,
				B41AE6671DAAE92A00CFCCD7 /* TBReturnValueHookSectionController.h */,
				B41AE6681DAAE92A00CFCCD7 /* TBReturnValueHookSectionController.m */,
				B41AE6611DA869C400CFCCD7 /* TBArgValueHookSectionController.h */,
				B41AE6621DA869C400CFCCD7 /* TBArgValueHookSectionController.m */,
			);
			name = Tweaking;
			sourceTree = "<group>";
		};
		C3BB84961E8C661B00EE457A /* Collections */ = {
			isa = PBXGroup;
			children = (
				C3BB84971E8C682F00EE457A /* TBArrayElementSectionController.h */,
				C3BB84981E8C682F00EE457A /* TBArrayElementSectionController.m */,
			);
			name = Collections;
			sourceTree = "<group>";
		};
		C3C384621E70813800B1BC55 /* Misc categories */ = {
			isa = PBXGroup;
			children = (
				C3B676AA1E71FFD5004E5122 /* Categories.h */,
				C326C2A51E74EDF300039F4E /* NSArray+Functional.h */,
				C326C2A61E74EDF300039F4E /* NSArray+Functional.m */,
				B4504CA41D679C7200C4B568 /* NSError+Message.h */,
				B4504CA51D679C7200C4B568 /* NSError+Message.m */,
				B43BF17A1D6D7D1800E94501 /* NSMapTable+Subscripting.h */,
				B43BF17B1D6D7D1800E94501 /* NSMapTable+Subscripting.m */,
				C34E04D31E84866A00688ED6 /* NSTimer+Blocks.h */,
				C34E04D41E84866A00688ED6 /* NSTimer+Blocks.m */,
				C3B676AB1E720055004E5122 /* UIBarButtonItem+Convenience.h */,
				C3B676AC1E720055004E5122 /* UIBarButtonItem+Convenience.m */,
				C3E530F21E808680001D33E1 /* UIFont+Swizzle.h */,
				C3E530F31E808680001D33E1 /* UIFont+Swizzle.m */,
				C35933FB1E88AB4400D475C2 /* UIGestureRecognizer+Blocks.h */,
				C35933FC1E88AB4400D475C2 /* UIGestureRecognizer+Blocks.m */,
				C3B676A71E71FF6F004E5122 /* UIImage+TBBundleResources.h */,
				C3B676A81E71FF6F004E5122 /* UIImage+TBBundleResources.m */,
				C3B676AF1E720DCC004E5122 /* UITableView+Convenience.h */,
				C3B676B01E720DCC004E5122 /* UITableView+Convenience.m */,
				C3B676A41E71FE46004E5122 /* UIViewController+Convenience.h */,
				C3B676A51E71FE46004E5122 /* UIViewController+Convenience.m */,
				C3BB848E1E8C524600EE457A /* UITableView+FUCK.h */,
				C3BB848F1E8C524600EE457A /* UITableView+FUCK.m */,
			);
			name = "Misc categories";
			sourceTree = "<group>";
		};
		C3C3846C1E7081B300B1BC55 /* Trampoline */ = {
			isa = PBXGroup;
			children = (
				C3C384651E70817900B1BC55 /* TBTrampoline.h */,
				C3C384661E70817900B1BC55 /* TBTrampoline.s */,
				C3C384631E70817900B1BC55 /* TBTrampolineLanding.h */,
				C3C384641E70817900B1BC55 /* TBTrampolineLanding.m */,
				C3C3846E1E70823000B1BC55 /* TBMethodStore.h */,
				C3C3846F1E70823000B1BC55 /* TBMethodStore.m */,
			);
			name = Trampoline;
			sourceTree = "<group>";
		};
		C3C3846D1E7081CC00B1BC55 /* Management */ = {
			isa = PBXGroup;
			children = (
				B43BF1741D6D753200E94501 /* TBTweakManager.h */,
				B43BF1751D6D753200E94501 /* TBTweakManager.m */,
				B44936ED1DA73C71008DB45E /* TBSettings.h */,
				B44936EE1DA73C71008DB45E /* TBSettings.m */,
			);
			name = Management;
			sourceTree = "<group>";
		};
		C3E530F61E832FFE001D33E1 /* Root view */ = {
			isa = PBXGroup;
			children = (
				B43BF16E1D6D63ED00E94501 /* TBTweakRootViewController.h */,
				B43BF16F1D6D63ED00E94501 /* TBTweakRootViewController.m */,
				B4504C941D65246200C4B568 /* TBTweakListViewController.h */,
				B4504C951D65246200C4B568 /* TBTweakListViewController.m */,
				B4504CB11D6BB8E300C4B568 /* TBTweakCell.h */,
				B4504CB21D6BB8E300C4B568 /* TBTweakCell.m */,
			);
			name = "Root view";
			sourceTree = "<group>";
		};
		C3E530F71E833079001D33E1 /* Runtime helpers */ = {
			isa = PBXGroup;
			children = (
				C3E530F81E833093001D33E1 /* TBRuntime.h */,
				C3E530F91E833093001D33E1 /* TBRuntime.m */,
				C35821411E8479EC008FEF2E /* TBRuntimeController.h */,
				C35821421E8479EC008FEF2E /* TBRuntimeController.m */,
			);
			name = "Runtime helpers";
			sourceTree = "<group>";
		};
		C3E531051E8331C7001D33E1 /* Key paths */ = {
			isa = PBXGroup;
			children = (
				C3E531011E8331BB001D33E1 /* TBToken.h */,
				C3E531021E8331BB001D33E1 /* TBToken.m */,
				C3E530FE1E8330F2001D33E1 /* TBKeyPath.h */,
				C3E530FF1E8330F2001D33E1 /* TBKeyPath.m */,
				C3E530FB1E8330C9001D33E1 /* TBKeyPathTokenizer.h */,
				C3E530FC1E8330C9001D33E1 /* TBKeyPathTokenizer.m */,
				C3FA6B1B1E845B1C00A01279 /* NSScanner+debug.h */,
				C3FA6B1C1E845B1C00A01279 /* NSScanner+debug.m */,
				C31198A11E8790BF0098F583 /* NSString+KeyPaths.h */,
				C31198A21E8790BF0098F583 /* NSString+KeyPaths.m */,
			);
			name = "Key paths";
			sourceTree = "<group>";
		};
		C3F0F4981E8A60B3008066EC /* Views */ = {
			isa = PBXGroup;
			children = (
				C3F0F4991E8A611A008066EC /* TBTextEditorView.h */,
				C3F0F49A1E8A611A008066EC /* TBTextEditorView.m */,
				C3F0F4A01E8B777A008066EC /* TBInfoView.h */,
				C3F0F4A11E8B777A008066EC /* TBInfoView.m */,
			);
			name = Views;
			sourceTree = "<group>";
		};
/* End PBXGroup section */

/* Begin PBXNativeTarget section */
		B4504C711D65230700C4B568 /* TBTweakViewController */ = {
			isa = PBXNativeTarget;
			buildConfigurationList = B4504C8E1D65230800C4B568 /* Build configuration list for PBXNativeTarget "TBTweakViewController" */;
			buildPhases = (
				44FFAE0D688ED89E42A89247 /* [CP] Check Pods Manifest.lock */,
				B4504C6E1D65230700C4B568 /* Sources */,
				B4504C6F1D65230700C4B568 /* Frameworks */,
				B4504C701D65230700C4B568 /* Resources */,
				1E5B9FE97FF8BCD909528306 /* [CP] Embed Pods Frameworks */,
				EA903C861BF6330F906B26E1 /* [CP] Copy Pods Resources */,
			);
			buildRules = (
			);
			dependencies = (
			);
			name = TBTweakViewController;
			productName = TBTweakViewController;
			productReference = B4504C721D65230700C4B568 /* TBTweakViewController.app */;
			productType = "com.apple.product-type.application";
		};
		B4504C841D65230800C4B568 /* TBTweakViewControllerTests */ = {
			isa = PBXNativeTarget;
			buildConfigurationList = B4504C911D65230800C4B568 /* Build configuration list for PBXNativeTarget "TBTweakViewControllerTests" */;
			buildPhases = (
				81F43BF0748ED6A320C7BE09 /* [CP] Check Pods Manifest.lock */,
				B4504C811D65230800C4B568 /* Sources */,
				B4504C821D65230800C4B568 /* Frameworks */,
				B4504C831D65230800C4B568 /* Resources */,
				B478B6D41D7861E5009E7771 /* CopyFiles */,
				C213809FCBC05300D608FB2A /* [CP] Embed Pods Frameworks */,
				08CCE83F510933BFA9A77409 /* [CP] Copy Pods Resources */,
			);
			buildRules = (
			);
			dependencies = (
				B4504C871D65230800C4B568 /* PBXTargetDependency */,
			);
			name = TBTweakViewControllerTests;
			productName = TBTweakViewControllerTests;
			productReference = B4504C851D65230800C4B568 /* TBTweakViewControllerTests.xctest */;
			productType = "com.apple.product-type.bundle.unit-test";
		};
/* End PBXNativeTarget section */

/* Begin PBXProject section */
		B4504C6A1D65230700C4B568 /* Project object */ = {
			isa = PBXProject;
			attributes = {
				LastUpgradeCheck = 0800;
				ORGANIZATIONNAME = "Tanner Bennett";
				TargetAttributes = {
					B4504C711D65230700C4B568 = {
						CreatedOnToolsVersion = 7.3.1;
						DevelopmentTeam = S6N2F22V2Z;
						ProvisioningStyle = Automatic;
					};
					B4504C841D65230800C4B568 = {
						CreatedOnToolsVersion = 7.3.1;
						DevelopmentTeam = S6N2F22V2Z;
						TestTargetID = B4504C711D65230700C4B568;
					};
				};
			};
			buildConfigurationList = B4504C6D1D65230700C4B568 /* Build configuration list for PBXProject "TBTweakViewController" */;
			compatibilityVersion = "Xcode 3.2";
			developmentRegion = English;
			hasScannedForEncodings = 0;
			knownRegions = (
				en,
				Base,
			);
			mainGroup = B4504C691D65230700C4B568;
			productRefGroup = B4504C731D65230700C4B568 /* Products */;
			projectDirPath = "";
			projectRoot = "";
			targets = (
				B4504C711D65230700C4B568 /* TBTweakViewController */,
				B4504C841D65230800C4B568 /* TBTweakViewControllerTests */,
			);
		};
/* End PBXProject section */

/* Begin PBXResourcesBuildPhase section */
		B4504C701D65230700C4B568 /* Resources */ = {
			isa = PBXResourcesBuildPhase;
			buildActionMask = 2147483647;
			files = (
				B4504C7C1D65230700C4B568 /* Assets.xcassets in Resources */,
				B4504C7F1D65230700C4B568 /* LaunchScreen.storyboard in Resources */,
			);
			runOnlyForDeploymentPostprocessing = 0;
		};
		B4504C831D65230800C4B568 /* Resources */ = {
			isa = PBXResourcesBuildPhase;
			buildActionMask = 2147483647;
			files = (
			);
			runOnlyForDeploymentPostprocessing = 0;
		};
/* End PBXResourcesBuildPhase section */

/* Begin PBXShellScriptBuildPhase section */
		08CCE83F510933BFA9A77409 /* [CP] Copy Pods Resources */ = {
			isa = PBXShellScriptBuildPhase;
			buildActionMask = 2147483647;
			files = (
			);
			inputPaths = (
			);
			name = "[CP] Copy Pods Resources";
			outputPaths = (
			);
			runOnlyForDeploymentPostprocessing = 0;
			shellPath = /bin/sh;
			shellScript = "\"${SRCROOT}/Pods/Target Support Files/Pods-TBTweakViewControllerTests/Pods-TBTweakViewControllerTests-resources.sh\"\n";
			showEnvVarsInLog = 0;
		};
		1E5B9FE97FF8BCD909528306 /* [CP] Embed Pods Frameworks */ = {
			isa = PBXShellScriptBuildPhase;
			buildActionMask = 2147483647;
			files = (
			);
			inputPaths = (
			);
			name = "[CP] Embed Pods Frameworks";
			outputPaths = (
			);
			runOnlyForDeploymentPostprocessing = 0;
			shellPath = /bin/sh;
			shellScript = "\"${SRCROOT}/Pods/Target Support Files/Pods-TBTweakViewController/Pods-TBTweakViewController-frameworks.sh\"\n";
			showEnvVarsInLog = 0;
		};
		44FFAE0D688ED89E42A89247 /* [CP] Check Pods Manifest.lock */ = {
			isa = PBXShellScriptBuildPhase;
			buildActionMask = 2147483647;
			files = (
			);
			inputPaths = (
			);
			name = "[CP] Check Pods Manifest.lock";
			outputPaths = (
			);
			runOnlyForDeploymentPostprocessing = 0;
			shellPath = /bin/sh;
			shellScript = "diff \"${PODS_ROOT}/../Podfile.lock\" \"${PODS_ROOT}/Manifest.lock\" > /dev/null\nif [ $? != 0 ] ; then\n    # print error to STDERR\n    echo \"error: The sandbox is not in sync with the Podfile.lock. Run 'pod install' or update your CocoaPods installation.\" >&2\n    exit 1\nfi\n";
			showEnvVarsInLog = 0;
		};
		81F43BF0748ED6A320C7BE09 /* [CP] Check Pods Manifest.lock */ = {
			isa = PBXShellScriptBuildPhase;
			buildActionMask = 2147483647;
			files = (
			);
			inputPaths = (
			);
			name = "[CP] Check Pods Manifest.lock";
			outputPaths = (
			);
			runOnlyForDeploymentPostprocessing = 0;
			shellPath = /bin/sh;
			shellScript = "diff \"${PODS_ROOT}/../Podfile.lock\" \"${PODS_ROOT}/Manifest.lock\" > /dev/null\nif [ $? != 0 ] ; then\n    # print error to STDERR\n    echo \"error: The sandbox is not in sync with the Podfile.lock. Run 'pod install' or update your CocoaPods installation.\" >&2\n    exit 1\nfi\n";
			showEnvVarsInLog = 0;
		};
		C213809FCBC05300D608FB2A /* [CP] Embed Pods Frameworks */ = {
			isa = PBXShellScriptBuildPhase;
			buildActionMask = 2147483647;
			files = (
			);
			inputPaths = (
			);
			name = "[CP] Embed Pods Frameworks";
			outputPaths = (
			);
			runOnlyForDeploymentPostprocessing = 0;
			shellPath = /bin/sh;
			shellScript = "\"${SRCROOT}/Pods/Target Support Files/Pods-TBTweakViewControllerTests/Pods-TBTweakViewControllerTests-frameworks.sh\"\n";
			showEnvVarsInLog = 0;
		};
		EA903C861BF6330F906B26E1 /* [CP] Copy Pods Resources */ = {
			isa = PBXShellScriptBuildPhase;
			buildActionMask = 2147483647;
			files = (
			);
			inputPaths = (
			);
			name = "[CP] Copy Pods Resources";
			outputPaths = (
			);
			runOnlyForDeploymentPostprocessing = 0;
			shellPath = /bin/sh;
			shellScript = "\"${SRCROOT}/Pods/Target Support Files/Pods-TBTweakViewController/Pods-TBTweakViewController-resources.sh\"\n";
			showEnvVarsInLog = 0;
		};
/* End PBXShellScriptBuildPhase section */

/* Begin PBXSourcesBuildPhase section */
		B4504C6E1D65230700C4B568 /* Sources */ = {
			isa = PBXSourcesBuildPhase;
			buildActionMask = 2147483647;
			files = (
				C34E04DB1E85D9C700688ED6 /* TBCodeFontCell.m in Sources */,
				B4504C9D1D652C7100C4B568 /* TBMethodHook.m in Sources */,
				C326C2A71E74EDF300039F4E /* NSArray+Functional.m in Sources */,
				C3C384701E70823000B1BC55 /* TBMethodStore.m in Sources */,
				B41AE66F1DAAE9FE00CFCCD7 /* TBTweakTypeSectionController.m in Sources */,
				B43BF17F1D6E48C900E94501 /* TBMethodPickerViewController.m in Sources */,
				C326C2AA1E79F46100039F4E /* TBTableViewCell.m in Sources */,
				B43BF1821D6E492600E94501 /* TBClassPickerViewController.m in Sources */,
				C3FA6B1D1E845B1C00A01279 /* NSScanner+debug.m in Sources */,
				B44936F21DA7501F008DB45E /* TBDetailDisclosureCell.m in Sources */,
				B4B9C7EC1D70D1670025E1FB /* TBTypePickerViewController.m in Sources */,
				C35821431E8479EC008FEF2E /* TBRuntimeController.m in Sources */,
				B41AE6661DAAE77100CFCCD7 /* TBSectionController.m in Sources */,
				B478B6E21D78CAB9009E7771 /* TBSwitchCell.m in Sources */,
				C3F0F4A21E8B777A008066EC /* TBInfoView.m in Sources */,
				B478B6CB1D77D79C009E7771 /* TBColorCell.m in Sources */,
				B43BF1701D6D63ED00E94501 /* TBTweakRootViewController.m in Sources */,
				C34E04D21E847FA900688ED6 /* TBKeyPathSearchController.m in Sources */,
				C3601AC21E7C5FB100985E0D /* TBValueSectionController.m in Sources */,
				B4B9C7F21D70D3240025E1FB /* TBStringCell.m in Sources */,
				B43BF17C1D6D7D1800E94501 /* NSMapTable+Subscripting.m in Sources */,
				B4504CA01D65316E00C4B568 /* TBValue.m in Sources */,
				C3C3845E1E70795C00B1BC55 /* TBMethodHook+IMP.m in Sources */,
				B48E37311DA75A16002B9899 /* TBValue+ValueHelpers.m in Sources */,
				B41AE66C1DAAE97100CFCCD7 /* TBChirpImpSectionController.m in Sources */,
				B4504CA31D6535B300C4B568 /* NSScanner+ChirpParser.m in Sources */,
				C3C384761E70B3D400B1BC55 /* TBValueTypes.m in Sources */,
				C31198A31E8790BF0098F583 /* NSString+KeyPaths.m in Sources */,
				B4504C7A1D65230700C4B568 /* AppDelegate.m in Sources */,
				B4B9C7FE1D70D5D40025E1FB /* TBKeyValuePairCell.m in Sources */,
				C3B676B11E720DCC004E5122 /* UITableView+Convenience.m in Sources */,
				C34E04D51E84866A00688ED6 /* NSTimer+Blocks.m in Sources */,
				B44936EF1DA73C71008DB45E /* TBSettings.m in Sources */,
				C3BB84991E8C682F00EE457A /* TBArrayElementSectionController.m in Sources */,
				B478B6DF1D78CA6B009E7771 /* TBConfigureTweakViewController+Protocols.m in Sources */,
				C3E530FA1E833093001D33E1 /* TBRuntime.m in Sources */,
				C3E531031E8331BB001D33E1 /* TBToken.m in Sources */,
				C3B8A8E91E8066B500C62157 /* EnumSet.m in Sources */,
				B440A9171D779ACC00320C54 /* TBNumberCell.m in Sources */,
				C3C384691E70817900B1BC55 /* TBTrampolineLanding.m in Sources */,
				B4504C961D65246200C4B568 /* TBTweakListViewController.m in Sources */,
				B43BF1761D6D753200E94501 /* TBTweakManager.m in Sources */,
				B43BF1731D6D74C400E94501 /* TBBundlePickerViewController.m in Sources */,
				B41AE6631DA869C400CFCCD7 /* TBArgValueHookSectionController.m in Sources */,
				B4504C9A1D652AD200C4B568 /* TBTweak.m in Sources */,
				B4504CB61D6BCF6C00C4B568 /* TBConfigureTweakViewController.m in Sources */,
				B4504C771D65230700C4B568 /* main.m in Sources */,
				C3BB84901E8C524600EE457A /* UITableView+FUCK.m in Sources */,
				B4B9C7F81D70D3410025E1FB /* TBDateCell.m in Sources */,
				B4B9C7FB1D70D4340025E1FB /* TBBaseValueCell.m in Sources */,
				B4B9C7E61D70D0EA0025E1FB /* TBChirpCell.m in Sources */,
				C3C3846A1E70817900B1BC55 /* TBTrampoline.s in Sources */,
				B41AE6691DAAE92A00CFCCD7 /* TBReturnValueHookSectionController.m in Sources */,
				C3E530F41E808680001D33E1 /* UIFont+Swizzle.m in Sources */,
				C3B676A91E71FF6F004E5122 /* UIImage+TBBundleResources.m in Sources */,
				C3601AC81E7C6E4D00985E0D /* TBTextViewCell.m in Sources */,
				C35933FD1E88AB4400D475C2 /* UIGestureRecognizer+Blocks.m in Sources */,
				B4504CA61D679C7200C4B568 /* NSError+Message.m in Sources */,
				C3C384611E7079D000B1BC55 /* TBMethodHook+Limitations.m in Sources */,
				C3F0F49B1E8A611A008066EC /* TBTextEditorView.m in Sources */,
				C3601AC51E7C6D1700985E0D /* TBTextFieldCell.m in Sources */,
				B4B9C7EF1D70D3160025E1FB /* TBAddValueCell.m in Sources */,
				C3E531001E8330F2001D33E1 /* TBKeyPath.m in Sources */,
				C3B676A61E71FE46004E5122 /* UIViewController+Convenience.m in Sources */,
				C35821401E847819008FEF2E /* TBKeyPathViewController.m in Sources */,
				C3E530FD1E8330C9001D33E1 /* TBKeyPathTokenizer.m in Sources */,
				C3601AD21E7C733300985E0D /* TBObjcCells.m in Sources */,
				C3B676AD1E720055004E5122 /* UIBarButtonItem+Convenience.m in Sources */,
				B4504CB31D6BB8E300C4B568 /* TBTweakCell.m in Sources */,
			);
			runOnlyForDeploymentPostprocessing = 0;
		};
		B4504C811D65230800C4B568 /* Sources */ = {
			isa = PBXSourcesBuildPhase;
			buildActionMask = 2147483647;
			files = (
				B4504C8A1D65230800C4B568 /* TBTweakViewControllerTests.m in Sources */,
				C31198A91E87A10F0098F583 /* TBRuntimeControllerTests.m in Sources */,
				C3E5310B1E836802001D33E1 /* TBKeyPathTokenizerTests.m in Sources */,
				B4504CA91D6A444100C4B568 /* NSTestClass.m in Sources */,
				C31198A61E87935A0098F583 /* TBStringKeyPathTests.m in Sources */,
			);
			runOnlyForDeploymentPostprocessing = 0;
		};
/* End PBXSourcesBuildPhase section */

/* Begin PBXTargetDependency section */
		B4504C871D65230800C4B568 /* PBXTargetDependency */ = {
			isa = PBXTargetDependency;
			target = B4504C711D65230700C4B568 /* TBTweakViewController */;
			targetProxy = B4504C861D65230800C4B568 /* PBXContainerItemProxy */;
		};
/* End PBXTargetDependency section */

/* Begin PBXVariantGroup section */
		B4504C7D1D65230700C4B568 /* LaunchScreen.storyboard */ = {
			isa = PBXVariantGroup;
			children = (
				B4504C7E1D65230700C4B568 /* Base */,
			);
			name = LaunchScreen.storyboard;
			sourceTree = "<group>";
		};
/* End PBXVariantGroup section */

/* Begin XCBuildConfiguration section */
		B4504C8C1D65230800C4B568 /* Debug */ = {
			isa = XCBuildConfiguration;
			buildSettings = {
				ALWAYS_SEARCH_USER_PATHS = NO;
				CLANG_ANALYZER_NONNULL = YES;
				CLANG_CXX_LANGUAGE_STANDARD = "gnu++0x";
				CLANG_CXX_LIBRARY = "libc++";
				CLANG_ENABLE_MODULES = YES;
				CLANG_ENABLE_OBJC_ARC = YES;
				CLANG_WARN_BOOL_CONVERSION = YES;
				CLANG_WARN_CONSTANT_CONVERSION = YES;
				CLANG_WARN_DIRECT_OBJC_ISA_USAGE = YES_ERROR;
				CLANG_WARN_EMPTY_BODY = YES;
				CLANG_WARN_ENUM_CONVERSION = YES;
				CLANG_WARN_INFINITE_RECURSION = YES;
				CLANG_WARN_INT_CONVERSION = YES;
				CLANG_WARN_OBJC_ROOT_CLASS = YES_ERROR;
				CLANG_WARN_SUSPICIOUS_MOVE = YES;
				CLANG_WARN_UNREACHABLE_CODE = YES;
				CLANG_WARN__DUPLICATE_METHOD_MATCH = YES;
				"CODE_SIGN_IDENTITY[sdk=iphoneos*]" = "iPhone Developer";
				COPY_PHASE_STRIP = NO;
				DEBUG_INFORMATION_FORMAT = dwarf;
				ENABLE_STRICT_OBJC_MSGSEND = YES;
				ENABLE_TESTABILITY = YES;
				GCC_C_LANGUAGE_STANDARD = gnu99;
				GCC_DYNAMIC_NO_PIC = NO;
				GCC_NO_COMMON_BLOCKS = YES;
				GCC_OPTIMIZATION_LEVEL = 0;
				GCC_PREPROCESSOR_DEFINITIONS = "THEOS=0";
				GCC_WARN_64_TO_32_BIT_CONVERSION = YES;
				GCC_WARN_ABOUT_RETURN_TYPE = YES_ERROR;
				GCC_WARN_UNDECLARED_SELECTOR = YES;
				GCC_WARN_UNINITIALIZED_AUTOS = YES_AGGRESSIVE;
				GCC_WARN_UNUSED_FUNCTION = YES;
				GCC_WARN_UNUSED_VARIABLE = YES;
				IPHONEOS_DEPLOYMENT_TARGET = 9.0;
				MTL_ENABLE_DEBUG_INFO = YES;
				ONLY_ACTIVE_ARCH = YES;
				SDKROOT = iphoneos;
			};
			name = Debug;
		};
		B4504C8D1D65230800C4B568 /* Release */ = {
			isa = XCBuildConfiguration;
			buildSettings = {
				ALWAYS_SEARCH_USER_PATHS = NO;
				CLANG_ANALYZER_NONNULL = YES;
				CLANG_CXX_LANGUAGE_STANDARD = "gnu++0x";
				CLANG_CXX_LIBRARY = "libc++";
				CLANG_ENABLE_MODULES = YES;
				CLANG_ENABLE_OBJC_ARC = YES;
				CLANG_WARN_BOOL_CONVERSION = YES;
				CLANG_WARN_CONSTANT_CONVERSION = YES;
				CLANG_WARN_DIRECT_OBJC_ISA_USAGE = YES_ERROR;
				CLANG_WARN_EMPTY_BODY = YES;
				CLANG_WARN_ENUM_CONVERSION = YES;
				CLANG_WARN_INFINITE_RECURSION = YES;
				CLANG_WARN_INT_CONVERSION = YES;
				CLANG_WARN_OBJC_ROOT_CLASS = YES_ERROR;
				CLANG_WARN_SUSPICIOUS_MOVE = YES;
				CLANG_WARN_UNREACHABLE_CODE = YES;
				CLANG_WARN__DUPLICATE_METHOD_MATCH = YES;
				"CODE_SIGN_IDENTITY[sdk=iphoneos*]" = "iPhone Developer";
				COPY_PHASE_STRIP = NO;
				DEBUG_INFORMATION_FORMAT = "dwarf-with-dsym";
				ENABLE_NS_ASSERTIONS = NO;
				ENABLE_STRICT_OBJC_MSGSEND = YES;
				GCC_C_LANGUAGE_STANDARD = gnu99;
				GCC_NO_COMMON_BLOCKS = YES;
				GCC_PREPROCESSOR_DEFINITIONS = "THEOS=0";
				GCC_WARN_64_TO_32_BIT_CONVERSION = YES;
				GCC_WARN_ABOUT_RETURN_TYPE = YES_ERROR;
				GCC_WARN_UNDECLARED_SELECTOR = YES;
				GCC_WARN_UNINITIALIZED_AUTOS = YES_AGGRESSIVE;
				GCC_WARN_UNUSED_FUNCTION = YES;
				GCC_WARN_UNUSED_VARIABLE = YES;
				IPHONEOS_DEPLOYMENT_TARGET = 9.0;
				MTL_ENABLE_DEBUG_INFO = NO;
				SDKROOT = iphoneos;
				VALIDATE_PRODUCT = YES;
			};
			name = Release;
		};
		B4504C8F1D65230800C4B568 /* Debug */ = {
			isa = XCBuildConfiguration;
			baseConfigurationReference = F220448A0847475F5C8C4DF2 /* Pods-TBTweakViewController.debug.xcconfig */;
			buildSettings = {
				ASSETCATALOG_COMPILER_APPICON_NAME = AppIcon;
				"CODE_SIGN_IDENTITY[sdk=iphoneos*]" = "iPhone Developer";
				DEVELOPMENT_TEAM = S6N2F22V2Z;
				INFOPLIST_FILE = TBTweakViewController/Info.plist;
				IPHONEOS_DEPLOYMENT_TARGET = 9.0;
				LD_RUNPATH_SEARCH_PATHS = "$(inherited) @executable_path/Frameworks";
				PRODUCT_BUNDLE_IDENTIFIER = com.pantsthief.TBTweakViewController;
				PRODUCT_NAME = "$(TARGET_NAME)";
			};
			name = Debug;
		};
		B4504C901D65230800C4B568 /* Release */ = {
			isa = XCBuildConfiguration;
			baseConfigurationReference = 6E88550082165D15F0205EB4 /* Pods-TBTweakViewController.release.xcconfig */;
			buildSettings = {
				ASSETCATALOG_COMPILER_APPICON_NAME = AppIcon;
				"CODE_SIGN_IDENTITY[sdk=iphoneos*]" = "iPhone Developer";
				DEVELOPMENT_TEAM = S6N2F22V2Z;
				INFOPLIST_FILE = TBTweakViewController/Info.plist;
				IPHONEOS_DEPLOYMENT_TARGET = 9.0;
				LD_RUNPATH_SEARCH_PATHS = "$(inherited) @executable_path/Frameworks";
				PRODUCT_BUNDLE_IDENTIFIER = com.pantsthief.TBTweakViewController;
				PRODUCT_NAME = "$(TARGET_NAME)";
			};
			name = Release;
		};
		B4504C921D65230800C4B568 /* Debug */ = {
			isa = XCBuildConfiguration;
			baseConfigurationReference = 51E49DEA457EC2D735C8A9FF /* Pods-TBTweakViewControllerTests.debug.xcconfig */;
			buildSettings = {
				BUNDLE_LOADER = "$(TEST_HOST)";
				DEVELOPMENT_TEAM = S6N2F22V2Z;
				INFOPLIST_FILE = TBTweakViewControllerTests/Info.plist;
				IPHONEOS_DEPLOYMENT_TARGET = 9.0;
				LD_RUNPATH_SEARCH_PATHS = "$(inherited) @executable_path/Frameworks @loader_path/Frameworks";
				PRODUCT_BUNDLE_IDENTIFIER = com.pantsthief.TBTweakViewControllerTests;
				PRODUCT_NAME = "$(TARGET_NAME)";
				TEST_HOST = "$(BUILT_PRODUCTS_DIR)/TBTweakViewController.app/TBTweakViewController";
			};
			name = Debug;
		};
		B4504C931D65230800C4B568 /* Release */ = {
			isa = XCBuildConfiguration;
			baseConfigurationReference = EEB0269EED7ACDB5AAEBF18B /* Pods-TBTweakViewControllerTests.release.xcconfig */;
			buildSettings = {
				BUNDLE_LOADER = "$(TEST_HOST)";
				DEVELOPMENT_TEAM = S6N2F22V2Z;
				INFOPLIST_FILE = TBTweakViewControllerTests/Info.plist;
				IPHONEOS_DEPLOYMENT_TARGET = 9.0;
				LD_RUNPATH_SEARCH_PATHS = "$(inherited) @executable_path/Frameworks @loader_path/Frameworks";
				PRODUCT_BUNDLE_IDENTIFIER = com.pantsthief.TBTweakViewControllerTests;
				PRODUCT_NAME = "$(TARGET_NAME)";
				TEST_HOST = "$(BUILT_PRODUCTS_DIR)/TBTweakViewController.app/TBTweakViewController";
			};
			name = Release;
		};
/* End XCBuildConfiguration section */

/* Begin XCConfigurationList section */
		B4504C6D1D65230700C4B568 /* Build configuration list for PBXProject "TBTweakViewController" */ = {
			isa = XCConfigurationList;
			buildConfigurations = (
				B4504C8C1D65230800C4B568 /* Debug */,
				B4504C8D1D65230800C4B568 /* Release */,
			);
			defaultConfigurationIsVisible = 0;
			defaultConfigurationName = Release;
		};
		B4504C8E1D65230800C4B568 /* Build configuration list for PBXNativeTarget "TBTweakViewController" */ = {
			isa = XCConfigurationList;
			buildConfigurations = (
				B4504C8F1D65230800C4B568 /* Debug */,
				B4504C901D65230800C4B568 /* Release */,
			);
			defaultConfigurationIsVisible = 0;
			defaultConfigurationName = Release;
		};
		B4504C911D65230800C4B568 /* Build configuration list for PBXNativeTarget "TBTweakViewControllerTests" */ = {
			isa = XCConfigurationList;
			buildConfigurations = (
				B4504C921D65230800C4B568 /* Debug */,
				B4504C931D65230800C4B568 /* Release */,
			);
			defaultConfigurationIsVisible = 0;
			defaultConfigurationName = Release;
		};
/* End XCConfigurationList section */
	};
	rootObject = B4504C6A1D65230700C4B568 /* Project object */;
}
