PODS:
  - Masonry (1.0.2)
  - MirrorKit (2.0.0)
  - TBAlertController (3.0.1)

DEPENDENCIES:
  - Masonry
  - MirrorKit (from `https://github.com/NSExceptional/MirrorKit.git`, branch `2.0`)
  - TBAlertController

EXTERNAL SOURCES:
  MirrorKit:
    :branch: '2.0'
    :git: https://github.com/NSExceptional/MirrorKit.git

CHECKOUT OPTIONS:
  MirrorKit:
    :commit: 836d872f2a9f06a17780f9de3d63d0dfeeb6ab4e
    :git: https://github.com/NSExceptional/MirrorKit.git

SPEC CHECKSUMS:
  Masonry: 7c429b56da9d4ee0bbb3ed77a5ea710d6a5df39e
  MirrorKit: 93e1e330e241a5e958d0d6b19be90502c89d60cd
  TBAlertController: cadaec5909aa7af37f4a345fb260ce9b3b0ad0c6

PODFILE CHECKSUM: 6521bf3c6d0e48f7efed897ca5fd5985b7792711

COCOAPODS: 1.2.0
