PODS:
  - Masonry (1.0.2)
  - MirrorKit (2.0.0)
  - TBAlertController (3.0.1)

DEPENDENCIES:
  - Masonry
  - MirrorKit (from `https://github.com/NSExceptional/MirrorKit.git`, branch `2.0`)
  - TBAlertController

EXTERNAL SOURCES:
  MirrorKit:
    :branch: '2.0'
    :git: https://github.com/NSExceptional/MirrorKit.git

CHECKOUT OPTIONS:
  MirrorKit:
    :commit: 2b48321d1bf888238a00a782d8d4168305507064
    :git: https://github.com/NSExceptional/MirrorKit.git

SPEC CHECKSUMS:
  Masonry: 7c429b56da9d4ee0bbb3ed77a5ea710d6a5df39e
  MirrorKit: 93e1e330e241a5e958d0d6b19be90502c89d60cd
  TBAlertController: cadaec5909aa7af37f4a345fb260ce9b3b0ad0c6

PODFILE CHECKSUM: e3802a70e6b47ff1d4d6699fef8d85bbcaa936c4

COCOAPODS: 1.2.0
